
Microsoft Visual Studio Solution File, Format Version 12.00
# Visual Studio Version 16
VisualStudioVersion = 16.0.29728.190
MinimumVisualStudioVersion = 10.0.40219.1
Project("{2150E333-8FDC-42A3-9474-1A3956D46DE8}") = "Web", "Web", "{53B024F9-E293-42F1-BA67-7F68C3F3C243}"
EndProject
Project("{2150E333-8FDC-42A3-9474-1A3956D46DE8}") = "Core", "Core", "{D43D1D6B-66A9-4A57-9EA3-8DECC92FA583}"
EndProject
Project("{2150E333-8FDC-42A3-9474-1A3956D46DE8}") = "Common", "Common", "{8853D22A-65B7-4AC8-9953-BB0A245A82CF}"
	ProjectSection(SolutionItems) = preProject
		Common\AssemblyInfo.cs = Common\AssemblyInfo.cs
		Common\Resgrid-PubPriv-KeyFile.snk = Common\Resgrid-PubPriv-KeyFile.snk
		Common\resgrid.com.crt = Common\resgrid.com.crt
	EndProjectSection
EndProject
Project("{2150E333-8FDC-42A3-9474-1A3956D46DE8}") = "Repositories", "Repositories", "{206D5D48-99B0-4913-B1E2-4BA11D021740}"
EndProject
Project("{2150E333-8FDC-42A3-9474-1A3956D46DE8}") = "Providers", "Providers", "{F06D475C-635C-4DE4-82BA-C49A90BA8FCD}"
EndProject
Project("{2150E333-8FDC-42A3-9474-1A3956D46DE8}") = "Tests", "Tests", "{D2D96CD8-CD7D-414D-8B33-A6C363B40C8D}"
EndProject
Project("{2150E333-8FDC-42A3-9474-1A3956D46DE8}") = "Documentation", "Documentation", "{19D41907-56A9-4309-94E7-483D42B46930}"
	ProjectSection(SolutionItems) = preProject
		Documentation\Notes.txt = Documentation\Notes.txt
		OffRuleSet.ruleset = OffRuleSet.ruleset
	EndProjectSection
EndProject
Project("{2150E333-8FDC-42A3-9474-1A3956D46DE8}") = "Workers", "Workers", "{DBB9862A-C008-4C3F-A9DB-320429E4A07F}"
EndProject
Project("{FAE04EC0-301F-11D3-BF4B-00C04F79EFBC}") = "Resgrid.Model", "Core\Resgrid.Model\Resgrid.Model.csproj", "{8B7997EC-67A2-42AB-9FBD-F8ED2C2997C8}"
EndProject
Project("{FAE04EC0-301F-11D3-BF4B-00C04F79EFBC}") = "Resgrid.Framework", "Core\Resgrid.Framework\Resgrid.Framework.csproj", "{21B7C3A0-BD8B-4F05-B5DD-4D2E6B1893FA}"
EndProject
Project("{FAE04EC0-301F-11D3-BF4B-00C04F79EFBC}") = "Resgrid.Services", "Core\Resgrid.Services\Resgrid.Services.csproj", "{80FB64B4-62F9-4F06-9549-C519B4360DFC}"
EndProject
Project("{FAE04EC0-301F-11D3-BF4B-00C04F79EFBC}") = "Resgrid.Providers.EmailProvider", "Providers\Resgrid.Providers.EmailProvider\Resgrid.Providers.EmailProvider.csproj", "{BF6D6F80-3424-4EA1-BAF3-A815856E155C}"
EndProject
Project("{FAE04EC0-301F-11D3-BF4B-00C04F79EFBC}") = "Resgrid.Tests", "Tests\Resgrid.Tests\Resgrid.Tests.csproj", "{05A287DF-BEFD-4482-9545-FB4ECAF72180}"
EndProject
Project("{FAE04EC0-301F-11D3-BF4B-00C04F79EFBC}") = "Resgrid.Providers.GeoProvider", "Providers\Resgrid.Providers.GeoLocationProvider\Resgrid.Providers.GeoProvider.csproj", "{BE40F1E9-E2DF-4A1A-987E-6A9E18C93384}"
EndProject
Project("{FAE04EC0-301F-11D3-BF4B-00C04F79EFBC}") = "Resgrid.Workers.Framework", "Workers\Resgrid.Workers.Framework\Resgrid.Workers.Framework.csproj", "{43570079-E393-40D9-89AF-F63E7B8437B8}"
EndProject
Project("{FAE04EC0-301F-11D3-BF4B-00C04F79EFBC}") = "Resgrid.Web.Services", "Web\Resgrid.Services\Resgrid.Web.Services.csproj", "{8781B74D-47B2-44EB-83F1-5C000C285A0A}"
EndProject
Project("{FAE04EC0-301F-11D3-BF4B-00C04F79EFBC}") = "Resgrid.Providers.Claims", "Providers\Resgrid.Providers.Claims\Resgrid.Providers.Claims.csproj", "{E6B57DD7-262B-442B-93D4-44BF157D349B}"
EndProject
Project("{FAE04EC0-301F-11D3-BF4B-00C04F79EFBC}") = "Resgrid.Providers.Bus", "Providers\Resgrid.Providers.Bus\Resgrid.Providers.Bus.csproj", "{D551040A-69BE-4B9B-9F33-000AC41DAD53}"
EndProject
Project("{FAE04EC0-301F-11D3-BF4B-00C04F79EFBC}") = "Resgrid.Providers.NumberProvider", "Providers\Resgrid.Providers.TextProvider\Resgrid.Providers.NumberProvider.csproj", "{DF186D09-8DFD-41B8-850A-74852B84D2A7}"
EndProject
Project("{FAE04EC0-301F-11D3-BF4B-00C04F79EFBC}") = "Resgrid.Providers.AddressVerification", "Providers\Resgrid.Providers.AddressVerification\Resgrid.Providers.AddressVerification.csproj", "{CAD8C361-DBDB-4506-BEE7-679DF2C2B26A}"
EndProject
Project("{FAE04EC0-301F-11D3-BF4B-00C04F79EFBC}") = "Resgrid.Providers.PdfProvider", "Providers\Resgrid.Providers.PdfProvider\Resgrid.Providers.PdfProvider.csproj", "{E9B3214B-DCE0-48CE-9077-293D46EC1E6B}"
EndProject
Project("{FAE04EC0-301F-11D3-BF4B-00C04F79EFBC}") = "Resgrid.Providers.Cache", "Providers\Resgrid.Providers.Cache\Resgrid.Providers.Cache.csproj", "{691EFEB7-A87E-4478-8BE2-4BCD0CE7A409}"
EndProject
Project("{FAE04EC0-301F-11D3-BF4B-00C04F79EFBC}") = "Resgrid.Providers.Marketing", "Providers\Resgrid.Providers.Marketing\Resgrid.Providers.Marketing.csproj", "{CEA86D8A-B122-42E0-B4BE-596A6195CEE7}"
EndProject
Project("{9A19103F-16F7-4668-BE54-9A1E7A4F7556}") = "Resgrid.WebCore", "Web\Resgrid.WebCore\Resgrid.WebCore.csproj", "{D867D4CA-D348-4485-A7B0-5293DF8F93D5}"
EndProject
Project("{FAE04EC0-301F-11D3-BF4B-00C04F79EFBC}") = "Resgrid.Repositories.DataRepository", "Repositories\Resgrid.Repositories.DataRepository\Resgrid.Repositories.DataRepository.csproj", "{DB5DED75-669D-485C-A093-736E02115892}"
EndProject
Project("{FAE04EC0-301F-11D3-BF4B-00C04F79EFBC}") = "Resgrid.Providers.Audio", "Providers\Resgrid.Providers.Audio\Resgrid.Providers.Audio.csproj", "{2BCB42D0-EEEA-4295-8733-9BF9C77190C3}"
EndProject
Project("{FAE04EC0-301F-11D3-BF4B-00C04F79EFBC}") = "Resgrid.Config", "Core\Resgrid.Config\Resgrid.Config.csproj", "{DD9E37AF-9AF3-4CBB-BA7F-B66158C61222}"
EndProject
Project("{2150E333-8FDC-42A3-9474-1A3956D46DE8}") = "Tools", "Tools", "{CA1CBFB1-B5B3-4D74-BE2D-DDC2C9474F17}"
EndProject
Project("{FAE04EC0-301F-11D3-BF4B-00C04F79EFBC}") = "Resgrid.Console", "Tools\Resgrid.Console\Resgrid.Console.csproj", "{2FDEA826-779C-4A24-A94B-698F51C68DA9}"
EndProject
Project("{FAE04EC0-301F-11D3-BF4B-00C04F79EFBC}") = "Resgrid.Providers.Firebase", "Providers\Resgrid.Providers.Firebase\Resgrid.Providers.Firebase.csproj", "{7EEF606F-04E4-4744-AD16-F68C796C5F41}"
EndProject
Project("{FAE04EC0-301F-11D3-BF4B-00C04F79EFBC}") = "Resgrid.Workers.Console", "Workers\Resgrid.Workers.Console\Resgrid.Workers.Console.csproj", "{EEE91CFE-5F8D-4157-B0BA-07A763CA31D3}"
EndProject
Project("{FAE04EC0-301F-11D3-BF4B-00C04F79EFBC}") = "Resgrid.Providers.Bus.Rabbit", "Providers\Resgrid.Providers.Bus.Rabbit\Resgrid.Providers.Bus.Rabbit.csproj", "{F99A5B52-D8EF-4F51-89E5-12E45D6E9894}"
EndProject
Global
	GlobalSection(SolutionConfigurationPlatforms) = preSolution
		Azure|Any CPU = Azure|Any CPU
		Azure|x86 = Azure|x86
		Cloud|Any CPU = Cloud|Any CPU
		Cloud|x86 = Cloud|x86
		Debug|Any CPU = Debug|Any CPU
		Debug|x86 = Debug|x86
		Release|Any CPU = Release|Any CPU
		Release|x86 = Release|x86
		Staging|Any CPU = Staging|Any CPU
		Staging|x86 = Staging|x86
	EndGlobalSection
	GlobalSection(ProjectConfigurationPlatforms) = postSolution
		{8B7997EC-67A2-42AB-9FBD-F8ED2C2997C8}.Azure|Any CPU.ActiveCfg = Azure|Any CPU
		{8B7997EC-67A2-42AB-9FBD-F8ED2C2997C8}.Azure|Any CPU.Build.0 = Azure|Any CPU
		{8B7997EC-67A2-42AB-9FBD-F8ED2C2997C8}.Azure|x86.ActiveCfg = Azure|Any CPU
		{8B7997EC-67A2-42AB-9FBD-F8ED2C2997C8}.Azure|x86.Build.0 = Azure|Any CPU
		{8B7997EC-67A2-42AB-9FBD-F8ED2C2997C8}.Cloud|Any CPU.ActiveCfg = Cloud|Any CPU
		{8B7997EC-67A2-42AB-9FBD-F8ED2C2997C8}.Cloud|Any CPU.Build.0 = Cloud|Any CPU
		{8B7997EC-67A2-42AB-9FBD-F8ED2C2997C8}.Cloud|x86.ActiveCfg = Cloud|Any CPU
		{8B7997EC-67A2-42AB-9FBD-F8ED2C2997C8}.Debug|Any CPU.ActiveCfg = Debug|Any CPU
		{8B7997EC-67A2-42AB-9FBD-F8ED2C2997C8}.Debug|Any CPU.Build.0 = Debug|Any CPU
		{8B7997EC-67A2-42AB-9FBD-F8ED2C2997C8}.Debug|x86.ActiveCfg = Debug|Any CPU
		{8B7997EC-67A2-42AB-9FBD-F8ED2C2997C8}.Release|Any CPU.ActiveCfg = Release|Any CPU
		{8B7997EC-67A2-42AB-9FBD-F8ED2C2997C8}.Release|Any CPU.Build.0 = Release|Any CPU
		{8B7997EC-67A2-42AB-9FBD-F8ED2C2997C8}.Release|x86.ActiveCfg = Release|Any CPU
		{8B7997EC-67A2-42AB-9FBD-F8ED2C2997C8}.Staging|Any CPU.ActiveCfg = Staging|Any CPU
		{8B7997EC-67A2-42AB-9FBD-F8ED2C2997C8}.Staging|Any CPU.Build.0 = Staging|Any CPU
		{8B7997EC-67A2-42AB-9FBD-F8ED2C2997C8}.Staging|x86.ActiveCfg = Staging|Any CPU
		{21B7C3A0-BD8B-4F05-B5DD-4D2E6B1893FA}.Azure|Any CPU.ActiveCfg = Azure|Any CPU
		{21B7C3A0-BD8B-4F05-B5DD-4D2E6B1893FA}.Azure|Any CPU.Build.0 = Azure|Any CPU
		{21B7C3A0-BD8B-4F05-B5DD-4D2E6B1893FA}.Azure|x86.ActiveCfg = Azure|Any CPU
		{21B7C3A0-BD8B-4F05-B5DD-4D2E6B1893FA}.Azure|x86.Build.0 = Azure|Any CPU
		{21B7C3A0-BD8B-4F05-B5DD-4D2E6B1893FA}.Cloud|Any CPU.ActiveCfg = Cloud|Any CPU
		{21B7C3A0-BD8B-4F05-B5DD-4D2E6B1893FA}.Cloud|Any CPU.Build.0 = Cloud|Any CPU
		{21B7C3A0-BD8B-4F05-B5DD-4D2E6B1893FA}.Cloud|x86.ActiveCfg = Cloud|Any CPU
		{21B7C3A0-BD8B-4F05-B5DD-4D2E6B1893FA}.Debug|Any CPU.ActiveCfg = Debug|Any CPU
		{21B7C3A0-BD8B-4F05-B5DD-4D2E6B1893FA}.Debug|Any CPU.Build.0 = Debug|Any CPU
		{21B7C3A0-BD8B-4F05-B5DD-4D2E6B1893FA}.Debug|x86.ActiveCfg = Debug|Any CPU
		{21B7C3A0-BD8B-4F05-B5DD-4D2E6B1893FA}.Release|Any CPU.ActiveCfg = Release|Any CPU
		{21B7C3A0-BD8B-4F05-B5DD-4D2E6B1893FA}.Release|Any CPU.Build.0 = Release|Any CPU
		{21B7C3A0-BD8B-4F05-B5DD-4D2E6B1893FA}.Release|x86.ActiveCfg = Release|Any CPU
		{21B7C3A0-BD8B-4F05-B5DD-4D2E6B1893FA}.Staging|Any CPU.ActiveCfg = Staging|Any CPU
		{21B7C3A0-BD8B-4F05-B5DD-4D2E6B1893FA}.Staging|Any CPU.Build.0 = Staging|Any CPU
		{21B7C3A0-BD8B-4F05-B5DD-4D2E6B1893FA}.Staging|x86.ActiveCfg = Staging|Any CPU
		{80FB64B4-62F9-4F06-9549-C519B4360DFC}.Azure|Any CPU.ActiveCfg = Azure|Any CPU
		{80FB64B4-62F9-4F06-9549-C519B4360DFC}.Azure|Any CPU.Build.0 = Azure|Any CPU
		{80FB64B4-62F9-4F06-9549-C519B4360DFC}.Azure|x86.ActiveCfg = Azure|Any CPU
		{80FB64B4-62F9-4F06-9549-C519B4360DFC}.Azure|x86.Build.0 = Azure|Any CPU
		{80FB64B4-62F9-4F06-9549-C519B4360DFC}.Cloud|Any CPU.ActiveCfg = Cloud|Any CPU
		{80FB64B4-62F9-4F06-9549-C519B4360DFC}.Cloud|Any CPU.Build.0 = Cloud|Any CPU
		{80FB64B4-62F9-4F06-9549-C519B4360DFC}.Cloud|x86.ActiveCfg = Cloud|Any CPU
		{80FB64B4-62F9-4F06-9549-C519B4360DFC}.Debug|Any CPU.ActiveCfg = Debug|Any CPU
		{80FB64B4-62F9-4F06-9549-C519B4360DFC}.Debug|Any CPU.Build.0 = Debug|Any CPU
		{80FB64B4-62F9-4F06-9549-C519B4360DFC}.Debug|x86.ActiveCfg = Debug|Any CPU
		{80FB64B4-62F9-4F06-9549-C519B4360DFC}.Release|Any CPU.ActiveCfg = Release|Any CPU
		{80FB64B4-62F9-4F06-9549-C519B4360DFC}.Release|Any CPU.Build.0 = Release|Any CPU
		{80FB64B4-62F9-4F06-9549-C519B4360DFC}.Release|x86.ActiveCfg = Release|Any CPU
		{80FB64B4-62F9-4F06-9549-C519B4360DFC}.Staging|Any CPU.ActiveCfg = Staging|Any CPU
		{80FB64B4-62F9-4F06-9549-C519B4360DFC}.Staging|Any CPU.Build.0 = Staging|Any CPU
		{80FB64B4-62F9-4F06-9549-C519B4360DFC}.Staging|x86.ActiveCfg = Staging|Any CPU
		{BF6D6F80-3424-4EA1-BAF3-A815856E155C}.Azure|Any CPU.ActiveCfg = Azure|Any CPU
		{BF6D6F80-3424-4EA1-BAF3-A815856E155C}.Azure|Any CPU.Build.0 = Azure|Any CPU
		{BF6D6F80-3424-4EA1-BAF3-A815856E155C}.Azure|x86.ActiveCfg = Azure|Any CPU
		{BF6D6F80-3424-4EA1-BAF3-A815856E155C}.Azure|x86.Build.0 = Azure|Any CPU
		{BF6D6F80-3424-4EA1-BAF3-A815856E155C}.Cloud|Any CPU.ActiveCfg = Cloud|Any CPU
		{BF6D6F80-3424-4EA1-BAF3-A815856E155C}.Cloud|Any CPU.Build.0 = Cloud|Any CPU
		{BF6D6F80-3424-4EA1-BAF3-A815856E155C}.Cloud|x86.ActiveCfg = Cloud|Any CPU
		{BF6D6F80-3424-4EA1-BAF3-A815856E155C}.Cloud|x86.Build.0 = Cloud|Any CPU
		{BF6D6F80-3424-4EA1-BAF3-A815856E155C}.Debug|Any CPU.ActiveCfg = Debug|Any CPU
		{BF6D6F80-3424-4EA1-BAF3-A815856E155C}.Debug|Any CPU.Build.0 = Debug|Any CPU
		{BF6D6F80-3424-4EA1-BAF3-A815856E155C}.Debug|x86.ActiveCfg = Debug|Any CPU
		{BF6D6F80-3424-4EA1-BAF3-A815856E155C}.Debug|x86.Build.0 = Debug|Any CPU
		{BF6D6F80-3424-4EA1-BAF3-A815856E155C}.Release|Any CPU.ActiveCfg = Release|Any CPU
		{BF6D6F80-3424-4EA1-BAF3-A815856E155C}.Release|Any CPU.Build.0 = Release|Any CPU
		{BF6D6F80-3424-4EA1-BAF3-A815856E155C}.Release|x86.ActiveCfg = Release|Any CPU
		{BF6D6F80-3424-4EA1-BAF3-A815856E155C}.Release|x86.Build.0 = Release|Any CPU
		{BF6D6F80-3424-4EA1-BAF3-A815856E155C}.Staging|Any CPU.ActiveCfg = Staging|Any CPU
		{BF6D6F80-3424-4EA1-BAF3-A815856E155C}.Staging|Any CPU.Build.0 = Staging|Any CPU
		{BF6D6F80-3424-4EA1-BAF3-A815856E155C}.Staging|x86.ActiveCfg = Staging|Any CPU
		{BF6D6F80-3424-4EA1-BAF3-A815856E155C}.Staging|x86.Build.0 = Staging|Any CPU
		{05A287DF-BEFD-4482-9545-FB4ECAF72180}.Azure|Any CPU.ActiveCfg = Azure|Any CPU
		{05A287DF-BEFD-4482-9545-FB4ECAF72180}.Azure|x86.ActiveCfg = Azure|Any CPU
		{05A287DF-BEFD-4482-9545-FB4ECAF72180}.Azure|x86.Build.0 = Azure|Any CPU
		{05A287DF-BEFD-4482-9545-FB4ECAF72180}.Cloud|Any CPU.ActiveCfg = Cloud|Any CPU
		{05A287DF-BEFD-4482-9545-FB4ECAF72180}.Cloud|Any CPU.Build.0 = Cloud|Any CPU
		{05A287DF-BEFD-4482-9545-FB4ECAF72180}.Cloud|x86.ActiveCfg = Cloud|x86
		{05A287DF-BEFD-4482-9545-FB4ECAF72180}.Cloud|x86.Build.0 = Cloud|x86
		{05A287DF-BEFD-4482-9545-FB4ECAF72180}.Debug|Any CPU.ActiveCfg = Debug|x86
		{05A287DF-BEFD-4482-9545-FB4ECAF72180}.Debug|Any CPU.Build.0 = Debug|x86
		{05A287DF-BEFD-4482-9545-FB4ECAF72180}.Debug|x86.ActiveCfg = Debug|Any CPU
		{05A287DF-BEFD-4482-9545-FB4ECAF72180}.Release|Any CPU.ActiveCfg = Release|Any CPU
		{05A287DF-BEFD-4482-9545-FB4ECAF72180}.Release|x86.ActiveCfg = Release|Any CPU
		{05A287DF-BEFD-4482-9545-FB4ECAF72180}.Staging|Any CPU.ActiveCfg = Staging|Any CPU
		{05A287DF-BEFD-4482-9545-FB4ECAF72180}.Staging|x86.ActiveCfg = Staging|x86
		{BE40F1E9-E2DF-4A1A-987E-6A9E18C93384}.Azure|Any CPU.ActiveCfg = Azure|Any CPU
		{BE40F1E9-E2DF-4A1A-987E-6A9E18C93384}.Azure|Any CPU.Build.0 = Azure|Any CPU
		{BE40F1E9-E2DF-4A1A-987E-6A9E18C93384}.Azure|x86.ActiveCfg = Azure|Any CPU
		{BE40F1E9-E2DF-4A1A-987E-6A9E18C93384}.Azure|x86.Build.0 = Azure|Any CPU
		{BE40F1E9-E2DF-4A1A-987E-6A9E18C93384}.Cloud|Any CPU.ActiveCfg = Cloud|Any CPU
		{BE40F1E9-E2DF-4A1A-987E-6A9E18C93384}.Cloud|Any CPU.Build.0 = Cloud|Any CPU
		{BE40F1E9-E2DF-4A1A-987E-6A9E18C93384}.Cloud|x86.ActiveCfg = Cloud|Any CPU
		{BE40F1E9-E2DF-4A1A-987E-6A9E18C93384}.Debug|Any CPU.ActiveCfg = Debug|Any CPU
		{BE40F1E9-E2DF-4A1A-987E-6A9E18C93384}.Debug|Any CPU.Build.0 = Debug|Any CPU
		{BE40F1E9-E2DF-4A1A-987E-6A9E18C93384}.Debug|x86.ActiveCfg = Debug|Any CPU
		{BE40F1E9-E2DF-4A1A-987E-6A9E18C93384}.Release|Any CPU.ActiveCfg = Release|Any CPU
		{BE40F1E9-E2DF-4A1A-987E-6A9E18C93384}.Release|Any CPU.Build.0 = Release|Any CPU
		{BE40F1E9-E2DF-4A1A-987E-6A9E18C93384}.Release|x86.ActiveCfg = Release|Any CPU
		{BE40F1E9-E2DF-4A1A-987E-6A9E18C93384}.Staging|Any CPU.ActiveCfg = Staging|Any CPU
		{BE40F1E9-E2DF-4A1A-987E-6A9E18C93384}.Staging|Any CPU.Build.0 = Staging|Any CPU
		{BE40F1E9-E2DF-4A1A-987E-6A9E18C93384}.Staging|x86.ActiveCfg = Staging|Any CPU
		{43570079-E393-40D9-89AF-F63E7B8437B8}.Azure|Any CPU.ActiveCfg = Azure|Any CPU
		{43570079-E393-40D9-89AF-F63E7B8437B8}.Azure|Any CPU.Build.0 = Azure|Any CPU
		{43570079-E393-40D9-89AF-F63E7B8437B8}.Azure|x86.ActiveCfg = Azure|Any CPU
		{43570079-E393-40D9-89AF-F63E7B8437B8}.Azure|x86.Build.0 = Azure|Any CPU
		{43570079-E393-40D9-89AF-F63E7B8437B8}.Cloud|Any CPU.ActiveCfg = Cloud|Any CPU
		{43570079-E393-40D9-89AF-F63E7B8437B8}.Cloud|Any CPU.Build.0 = Cloud|Any CPU
		{43570079-E393-40D9-89AF-F63E7B8437B8}.Cloud|x86.ActiveCfg = Cloud|Any CPU
		{43570079-E393-40D9-89AF-F63E7B8437B8}.Debug|Any CPU.ActiveCfg = Debug|Any CPU
		{43570079-E393-40D9-89AF-F63E7B8437B8}.Debug|Any CPU.Build.0 = Debug|Any CPU
		{43570079-E393-40D9-89AF-F63E7B8437B8}.Debug|x86.ActiveCfg = Debug|Any CPU
		{43570079-E393-40D9-89AF-F63E7B8437B8}.Release|Any CPU.ActiveCfg = Release|Any CPU
		{43570079-E393-40D9-89AF-F63E7B8437B8}.Release|Any CPU.Build.0 = Release|Any CPU
		{43570079-E393-40D9-89AF-F63E7B8437B8}.Release|x86.ActiveCfg = Release|Any CPU
		{43570079-E393-40D9-89AF-F63E7B8437B8}.Staging|Any CPU.ActiveCfg = Staging|Any CPU
		{43570079-E393-40D9-89AF-F63E7B8437B8}.Staging|Any CPU.Build.0 = Staging|Any CPU
		{43570079-E393-40D9-89AF-F63E7B8437B8}.Staging|x86.ActiveCfg = Staging|Any CPU
		{8781B74D-47B2-44EB-83F1-5C000C285A0A}.Azure|Any CPU.ActiveCfg = Azure|Any CPU
		{8781B74D-47B2-44EB-83F1-5C000C285A0A}.Azure|Any CPU.Build.0 = Azure|Any CPU
		{8781B74D-47B2-44EB-83F1-5C000C285A0A}.Azure|x86.ActiveCfg = Azure|Any CPU
		{8781B74D-47B2-44EB-83F1-5C000C285A0A}.Azure|x86.Build.0 = Azure|Any CPU
		{8781B74D-47B2-44EB-83F1-5C000C285A0A}.Cloud|Any CPU.ActiveCfg = Cloud|Any CPU
		{8781B74D-47B2-44EB-83F1-5C000C285A0A}.Cloud|Any CPU.Build.0 = Cloud|Any CPU
		{8781B74D-47B2-44EB-83F1-5C000C285A0A}.Cloud|x86.ActiveCfg = Cloud|Any CPU
		{8781B74D-47B2-44EB-83F1-5C000C285A0A}.Debug|Any CPU.ActiveCfg = Debug|Any CPU
		{8781B74D-47B2-44EB-83F1-5C000C285A0A}.Debug|Any CPU.Build.0 = Debug|Any CPU
		{8781B74D-47B2-44EB-83F1-5C000C285A0A}.Debug|x86.ActiveCfg = Debug|Any CPU
		{8781B74D-47B2-44EB-83F1-5C000C285A0A}.Release|Any CPU.ActiveCfg = Release|Any CPU
		{8781B74D-47B2-44EB-83F1-5C000C285A0A}.Release|Any CPU.Build.0 = Release|Any CPU
		{8781B74D-47B2-44EB-83F1-5C000C285A0A}.Release|x86.ActiveCfg = Release|Any CPU
		{8781B74D-47B2-44EB-83F1-5C000C285A0A}.Staging|Any CPU.ActiveCfg = Staging|Any CPU
		{8781B74D-47B2-44EB-83F1-5C000C285A0A}.Staging|Any CPU.Build.0 = Staging|Any CPU
		{8781B74D-47B2-44EB-83F1-5C000C285A0A}.Staging|x86.ActiveCfg = Staging|Any CPU
		{E6B57DD7-262B-442B-93D4-44BF157D349B}.Azure|Any CPU.ActiveCfg = Azure|Any CPU
		{E6B57DD7-262B-442B-93D4-44BF157D349B}.Azure|Any CPU.Build.0 = Azure|Any CPU
		{E6B57DD7-262B-442B-93D4-44BF157D349B}.Azure|x86.ActiveCfg = Azure|Any CPU
		{E6B57DD7-262B-442B-93D4-44BF157D349B}.Azure|x86.Build.0 = Azure|Any CPU
		{E6B57DD7-262B-442B-93D4-44BF157D349B}.Cloud|Any CPU.ActiveCfg = Cloud|Any CPU
		{E6B57DD7-262B-442B-93D4-44BF157D349B}.Cloud|Any CPU.Build.0 = Cloud|Any CPU
		{E6B57DD7-262B-442B-93D4-44BF157D349B}.Cloud|x86.ActiveCfg = Release|Any CPU
		{E6B57DD7-262B-442B-93D4-44BF157D349B}.Debug|Any CPU.ActiveCfg = Debug|Any CPU
		{E6B57DD7-262B-442B-93D4-44BF157D349B}.Debug|Any CPU.Build.0 = Debug|Any CPU
		{E6B57DD7-262B-442B-93D4-44BF157D349B}.Debug|x86.ActiveCfg = Debug|Any CPU
		{E6B57DD7-262B-442B-93D4-44BF157D349B}.Release|Any CPU.ActiveCfg = Release|Any CPU
		{E6B57DD7-262B-442B-93D4-44BF157D349B}.Release|Any CPU.Build.0 = Release|Any CPU
		{E6B57DD7-262B-442B-93D4-44BF157D349B}.Release|x86.ActiveCfg = Release|Any CPU
		{E6B57DD7-262B-442B-93D4-44BF157D349B}.Staging|Any CPU.ActiveCfg = Staging|Any CPU
		{E6B57DD7-262B-442B-93D4-44BF157D349B}.Staging|Any CPU.Build.0 = Staging|Any CPU
		{E6B57DD7-262B-442B-93D4-44BF157D349B}.Staging|x86.ActiveCfg = Staging|Any CPU
		{D551040A-69BE-4B9B-9F33-000AC41DAD53}.Azure|Any CPU.ActiveCfg = Azure|Any CPU
		{D551040A-69BE-4B9B-9F33-000AC41DAD53}.Azure|Any CPU.Build.0 = Azure|Any CPU
		{D551040A-69BE-4B9B-9F33-000AC41DAD53}.Azure|x86.ActiveCfg = Azure|Any CPU
		{D551040A-69BE-4B9B-9F33-000AC41DAD53}.Azure|x86.Build.0 = Azure|Any CPU
		{D551040A-69BE-4B9B-9F33-000AC41DAD53}.Cloud|Any CPU.ActiveCfg = Cloud|Any CPU
		{D551040A-69BE-4B9B-9F33-000AC41DAD53}.Cloud|Any CPU.Build.0 = Cloud|Any CPU
		{D551040A-69BE-4B9B-9F33-000AC41DAD53}.Cloud|x86.ActiveCfg = Release|Any CPU
		{D551040A-69BE-4B9B-9F33-000AC41DAD53}.Debug|Any CPU.ActiveCfg = Debug|Any CPU
		{D551040A-69BE-4B9B-9F33-000AC41DAD53}.Debug|Any CPU.Build.0 = Debug|Any CPU
		{D551040A-69BE-4B9B-9F33-000AC41DAD53}.Debug|x86.ActiveCfg = Debug|Any CPU
		{D551040A-69BE-4B9B-9F33-000AC41DAD53}.Release|Any CPU.ActiveCfg = Release|Any CPU
		{D551040A-69BE-4B9B-9F33-000AC41DAD53}.Release|Any CPU.Build.0 = Release|Any CPU
		{D551040A-69BE-4B9B-9F33-000AC41DAD53}.Release|x86.ActiveCfg = Release|Any CPU
		{D551040A-69BE-4B9B-9F33-000AC41DAD53}.Staging|Any CPU.ActiveCfg = Staging|Any CPU
		{D551040A-69BE-4B9B-9F33-000AC41DAD53}.Staging|Any CPU.Build.0 = Staging|Any CPU
		{D551040A-69BE-4B9B-9F33-000AC41DAD53}.Staging|x86.ActiveCfg = Release|Any CPU
		{DF186D09-8DFD-41B8-850A-74852B84D2A7}.Azure|Any CPU.ActiveCfg = Azure|Any CPU
		{DF186D09-8DFD-41B8-850A-74852B84D2A7}.Azure|Any CPU.Build.0 = Azure|Any CPU
		{DF186D09-8DFD-41B8-850A-74852B84D2A7}.Azure|x86.ActiveCfg = Azure|Any CPU
		{DF186D09-8DFD-41B8-850A-74852B84D2A7}.Azure|x86.Build.0 = Azure|Any CPU
		{DF186D09-8DFD-41B8-850A-74852B84D2A7}.Cloud|Any CPU.ActiveCfg = Cloud|Any CPU
		{DF186D09-8DFD-41B8-850A-74852B84D2A7}.Cloud|Any CPU.Build.0 = Cloud|Any CPU
		{DF186D09-8DFD-41B8-850A-74852B84D2A7}.Cloud|x86.ActiveCfg = Release|Any CPU
		{DF186D09-8DFD-41B8-850A-74852B84D2A7}.Debug|Any CPU.ActiveCfg = Debug|Any CPU
		{DF186D09-8DFD-41B8-850A-74852B84D2A7}.Debug|Any CPU.Build.0 = Debug|Any CPU
		{DF186D09-8DFD-41B8-850A-74852B84D2A7}.Debug|x86.ActiveCfg = Debug|Any CPU
		{DF186D09-8DFD-41B8-850A-74852B84D2A7}.Release|Any CPU.ActiveCfg = Release|Any CPU
		{DF186D09-8DFD-41B8-850A-74852B84D2A7}.Release|Any CPU.Build.0 = Release|Any CPU
		{DF186D09-8DFD-41B8-850A-74852B84D2A7}.Release|x86.ActiveCfg = Release|Any CPU
		{DF186D09-8DFD-41B8-850A-74852B84D2A7}.Staging|Any CPU.ActiveCfg = Staging|Any CPU
		{DF186D09-8DFD-41B8-850A-74852B84D2A7}.Staging|Any CPU.Build.0 = Staging|Any CPU
		{DF186D09-8DFD-41B8-850A-74852B84D2A7}.Staging|x86.ActiveCfg = Release|Any CPU
		{CAD8C361-DBDB-4506-BEE7-679DF2C2B26A}.Azure|Any CPU.ActiveCfg = Azure|Any CPU
		{CAD8C361-DBDB-4506-BEE7-679DF2C2B26A}.Azure|Any CPU.Build.0 = Azure|Any CPU
		{CAD8C361-DBDB-4506-BEE7-679DF2C2B26A}.Azure|x86.ActiveCfg = Azure|Any CPU
		{CAD8C361-DBDB-4506-BEE7-679DF2C2B26A}.Azure|x86.Build.0 = Azure|Any CPU
		{CAD8C361-DBDB-4506-BEE7-679DF2C2B26A}.Cloud|Any CPU.ActiveCfg = Cloud|Any CPU
		{CAD8C361-DBDB-4506-BEE7-679DF2C2B26A}.Cloud|Any CPU.Build.0 = Cloud|Any CPU
		{CAD8C361-DBDB-4506-BEE7-679DF2C2B26A}.Cloud|x86.ActiveCfg = Release|Any CPU
		{CAD8C361-DBDB-4506-BEE7-679DF2C2B26A}.Debug|Any CPU.ActiveCfg = Debug|Any CPU
		{CAD8C361-DBDB-4506-BEE7-679DF2C2B26A}.Debug|Any CPU.Build.0 = Debug|Any CPU
		{CAD8C361-DBDB-4506-BEE7-679DF2C2B26A}.Debug|x86.ActiveCfg = Debug|Any CPU
		{CAD8C361-DBDB-4506-BEE7-679DF2C2B26A}.Release|Any CPU.ActiveCfg = Release|Any CPU
		{CAD8C361-DBDB-4506-BEE7-679DF2C2B26A}.Release|Any CPU.Build.0 = Release|Any CPU
		{CAD8C361-DBDB-4506-BEE7-679DF2C2B26A}.Release|x86.ActiveCfg = Release|Any CPU
		{CAD8C361-DBDB-4506-BEE7-679DF2C2B26A}.Staging|Any CPU.ActiveCfg = Staging|Any CPU
		{CAD8C361-DBDB-4506-BEE7-679DF2C2B26A}.Staging|Any CPU.Build.0 = Staging|Any CPU
		{CAD8C361-DBDB-4506-BEE7-679DF2C2B26A}.Staging|x86.ActiveCfg = Release|Any CPU
		{E9B3214B-DCE0-48CE-9077-293D46EC1E6B}.Azure|Any CPU.ActiveCfg = Azure|Any CPU
		{E9B3214B-DCE0-48CE-9077-293D46EC1E6B}.Azure|Any CPU.Build.0 = Azure|Any CPU
		{E9B3214B-DCE0-48CE-9077-293D46EC1E6B}.Azure|x86.ActiveCfg = Azure|Any CPU
		{E9B3214B-DCE0-48CE-9077-293D46EC1E6B}.Azure|x86.Build.0 = Azure|Any CPU
		{E9B3214B-DCE0-48CE-9077-293D46EC1E6B}.Cloud|Any CPU.ActiveCfg = Cloud|Any CPU
		{E9B3214B-DCE0-48CE-9077-293D46EC1E6B}.Cloud|Any CPU.Build.0 = Cloud|Any CPU
		{E9B3214B-DCE0-48CE-9077-293D46EC1E6B}.Cloud|x86.ActiveCfg = Release|Any CPU
		{E9B3214B-DCE0-48CE-9077-293D46EC1E6B}.Debug|Any CPU.ActiveCfg = Debug|Any CPU
		{E9B3214B-DCE0-48CE-9077-293D46EC1E6B}.Debug|Any CPU.Build.0 = Debug|Any CPU
		{E9B3214B-DCE0-48CE-9077-293D46EC1E6B}.Debug|x86.ActiveCfg = Debug|Any CPU
		{E9B3214B-DCE0-48CE-9077-293D46EC1E6B}.Release|Any CPU.ActiveCfg = Release|Any CPU
		{E9B3214B-DCE0-48CE-9077-293D46EC1E6B}.Release|Any CPU.Build.0 = Release|Any CPU
		{E9B3214B-DCE0-48CE-9077-293D46EC1E6B}.Release|x86.ActiveCfg = Release|Any CPU
		{E9B3214B-DCE0-48CE-9077-293D46EC1E6B}.Staging|Any CPU.ActiveCfg = Staging|Any CPU
		{E9B3214B-DCE0-48CE-9077-293D46EC1E6B}.Staging|Any CPU.Build.0 = Staging|Any CPU
		{E9B3214B-DCE0-48CE-9077-293D46EC1E6B}.Staging|x86.ActiveCfg = Release|Any CPU
		{691EFEB7-A87E-4478-8BE2-4BCD0CE7A409}.Azure|Any CPU.ActiveCfg = Azure|Any CPU
		{691EFEB7-A87E-4478-8BE2-4BCD0CE7A409}.Azure|Any CPU.Build.0 = Azure|Any CPU
		{691EFEB7-A87E-4478-8BE2-4BCD0CE7A409}.Azure|x86.ActiveCfg = Azure|Any CPU
		{691EFEB7-A87E-4478-8BE2-4BCD0CE7A409}.Azure|x86.Build.0 = Azure|Any CPU
		{691EFEB7-A87E-4478-8BE2-4BCD0CE7A409}.Cloud|Any CPU.ActiveCfg = Cloud|Any CPU
		{691EFEB7-A87E-4478-8BE2-4BCD0CE7A409}.Cloud|Any CPU.Build.0 = Cloud|Any CPU
		{691EFEB7-A87E-4478-8BE2-4BCD0CE7A409}.Cloud|x86.ActiveCfg = Release|Any CPU
		{691EFEB7-A87E-4478-8BE2-4BCD0CE7A409}.Debug|Any CPU.ActiveCfg = Debug|Any CPU
		{691EFEB7-A87E-4478-8BE2-4BCD0CE7A409}.Debug|Any CPU.Build.0 = Debug|Any CPU
		{691EFEB7-A87E-4478-8BE2-4BCD0CE7A409}.Debug|x86.ActiveCfg = Debug|Any CPU
		{691EFEB7-A87E-4478-8BE2-4BCD0CE7A409}.Release|Any CPU.ActiveCfg = Release|Any CPU
		{691EFEB7-A87E-4478-8BE2-4BCD0CE7A409}.Release|Any CPU.Build.0 = Release|Any CPU
		{691EFEB7-A87E-4478-8BE2-4BCD0CE7A409}.Release|x86.ActiveCfg = Release|Any CPU
		{691EFEB7-A87E-4478-8BE2-4BCD0CE7A409}.Staging|Any CPU.ActiveCfg = Staging|Any CPU
		{691EFEB7-A87E-4478-8BE2-4BCD0CE7A409}.Staging|Any CPU.Build.0 = Staging|Any CPU
		{691EFEB7-A87E-4478-8BE2-4BCD0CE7A409}.Staging|x86.ActiveCfg = Release|Any CPU
		{CEA86D8A-B122-42E0-B4BE-596A6195CEE7}.Azure|Any CPU.ActiveCfg = Azure|Any CPU
		{CEA86D8A-B122-42E0-B4BE-596A6195CEE7}.Azure|Any CPU.Build.0 = Azure|Any CPU
		{CEA86D8A-B122-42E0-B4BE-596A6195CEE7}.Azure|x86.ActiveCfg = Azure|Any CPU
		{CEA86D8A-B122-42E0-B4BE-596A6195CEE7}.Azure|x86.Build.0 = Azure|Any CPU
		{CEA86D8A-B122-42E0-B4BE-596A6195CEE7}.Cloud|Any CPU.ActiveCfg = Cloud|Any CPU
		{CEA86D8A-B122-42E0-B4BE-596A6195CEE7}.Cloud|Any CPU.Build.0 = Cloud|Any CPU
		{CEA86D8A-B122-42E0-B4BE-596A6195CEE7}.Cloud|x86.ActiveCfg = Release|Any CPU
		{CEA86D8A-B122-42E0-B4BE-596A6195CEE7}.Debug|Any CPU.ActiveCfg = Debug|Any CPU
		{CEA86D8A-B122-42E0-B4BE-596A6195CEE7}.Debug|Any CPU.Build.0 = Debug|Any CPU
		{CEA86D8A-B122-42E0-B4BE-596A6195CEE7}.Debug|x86.ActiveCfg = Debug|Any CPU
		{CEA86D8A-B122-42E0-B4BE-596A6195CEE7}.Release|Any CPU.ActiveCfg = Release|Any CPU
		{CEA86D8A-B122-42E0-B4BE-596A6195CEE7}.Release|Any CPU.Build.0 = Release|Any CPU
		{CEA86D8A-B122-42E0-B4BE-596A6195CEE7}.Release|x86.ActiveCfg = Release|Any CPU
		{CEA86D8A-B122-42E0-B4BE-596A6195CEE7}.Staging|Any CPU.ActiveCfg = Staging|Any CPU
		{CEA86D8A-B122-42E0-B4BE-596A6195CEE7}.Staging|Any CPU.Build.0 = Staging|Any CPU
		{CEA86D8A-B122-42E0-B4BE-596A6195CEE7}.Staging|x86.ActiveCfg = Release|Any CPU
		{D867D4CA-D348-4485-A7B0-5293DF8F93D5}.Azure|Any CPU.ActiveCfg = Azure|Any CPU
		{D867D4CA-D348-4485-A7B0-5293DF8F93D5}.Azure|Any CPU.Build.0 = Azure|Any CPU
		{D867D4CA-D348-4485-A7B0-5293DF8F93D5}.Azure|x86.ActiveCfg = Debug|Any CPU
		{D867D4CA-D348-4485-A7B0-5293DF8F93D5}.Azure|x86.Build.0 = Debug|Any CPU
		{D867D4CA-D348-4485-A7B0-5293DF8F93D5}.Cloud|Any CPU.ActiveCfg = Debug|Any CPU
		{D867D4CA-D348-4485-A7B0-5293DF8F93D5}.Cloud|Any CPU.Build.0 = Debug|Any CPU
		{D867D4CA-D348-4485-A7B0-5293DF8F93D5}.Cloud|x86.ActiveCfg = Debug|Any CPU
		{D867D4CA-D348-4485-A7B0-5293DF8F93D5}.Cloud|x86.Build.0 = Debug|Any CPU
		{D867D4CA-D348-4485-A7B0-5293DF8F93D5}.Debug|Any CPU.ActiveCfg = Debug|Any CPU
		{D867D4CA-D348-4485-A7B0-5293DF8F93D5}.Debug|Any CPU.Build.0 = Debug|Any CPU
		{D867D4CA-D348-4485-A7B0-5293DF8F93D5}.Debug|x86.ActiveCfg = Debug|Any CPU
		{D867D4CA-D348-4485-A7B0-5293DF8F93D5}.Debug|x86.Build.0 = Debug|Any CPU
		{D867D4CA-D348-4485-A7B0-5293DF8F93D5}.Release|Any CPU.ActiveCfg = Release|Any CPU
		{D867D4CA-D348-4485-A7B0-5293DF8F93D5}.Release|Any CPU.Build.0 = Release|Any CPU
		{D867D4CA-D348-4485-A7B0-5293DF8F93D5}.Release|x86.ActiveCfg = Release|Any CPU
		{D867D4CA-D348-4485-A7B0-5293DF8F93D5}.Release|x86.Build.0 = Release|Any CPU
		{D867D4CA-D348-4485-A7B0-5293DF8F93D5}.Staging|Any CPU.ActiveCfg = Debug|Any CPU
		{D867D4CA-D348-4485-A7B0-5293DF8F93D5}.Staging|Any CPU.Build.0 = Debug|Any CPU
		{D867D4CA-D348-4485-A7B0-5293DF8F93D5}.Staging|x86.ActiveCfg = Debug|Any CPU
		{D867D4CA-D348-4485-A7B0-5293DF8F93D5}.Staging|x86.Build.0 = Debug|Any CPU
		{DB5DED75-669D-485C-A093-736E02115892}.Azure|Any CPU.ActiveCfg = Azure|Any CPU
		{DB5DED75-669D-485C-A093-736E02115892}.Azure|Any CPU.Build.0 = Azure|Any CPU
		{DB5DED75-669D-485C-A093-736E02115892}.Azure|x86.ActiveCfg = Azure|Any CPU
		{DB5DED75-669D-485C-A093-736E02115892}.Azure|x86.Build.0 = Azure|Any CPU
		{DB5DED75-669D-485C-A093-736E02115892}.Cloud|Any CPU.ActiveCfg = Cloud|Any CPU
		{DB5DED75-669D-485C-A093-736E02115892}.Cloud|Any CPU.Build.0 = Cloud|Any CPU
		{DB5DED75-669D-485C-A093-736E02115892}.Cloud|x86.ActiveCfg = Cloud|Any CPU
		{DB5DED75-669D-485C-A093-736E02115892}.Cloud|x86.Build.0 = Cloud|Any CPU
		{DB5DED75-669D-485C-A093-736E02115892}.Debug|Any CPU.ActiveCfg = Debug|Any CPU
		{DB5DED75-669D-485C-A093-736E02115892}.Debug|Any CPU.Build.0 = Debug|Any CPU
		{DB5DED75-669D-485C-A093-736E02115892}.Debug|x86.ActiveCfg = Debug|Any CPU
		{DB5DED75-669D-485C-A093-736E02115892}.Debug|x86.Build.0 = Debug|Any CPU
		{DB5DED75-669D-485C-A093-736E02115892}.Release|Any CPU.ActiveCfg = Release|Any CPU
		{DB5DED75-669D-485C-A093-736E02115892}.Release|Any CPU.Build.0 = Release|Any CPU
		{DB5DED75-669D-485C-A093-736E02115892}.Release|x86.ActiveCfg = Release|Any CPU
		{DB5DED75-669D-485C-A093-736E02115892}.Release|x86.Build.0 = Release|Any CPU
		{DB5DED75-669D-485C-A093-736E02115892}.Staging|Any CPU.ActiveCfg = Staging|Any CPU
		{DB5DED75-669D-485C-A093-736E02115892}.Staging|Any CPU.Build.0 = Staging|Any CPU
		{DB5DED75-669D-485C-A093-736E02115892}.Staging|x86.ActiveCfg = Staging|Any CPU
		{DB5DED75-669D-485C-A093-736E02115892}.Staging|x86.Build.0 = Staging|Any CPU
		{2BCB42D0-EEEA-4295-8733-9BF9C77190C3}.Azure|Any CPU.ActiveCfg = Release|Any CPU
		{2BCB42D0-EEEA-4295-8733-9BF9C77190C3}.Azure|Any CPU.Build.0 = Release|Any CPU
		{2BCB42D0-EEEA-4295-8733-9BF9C77190C3}.Azure|x86.ActiveCfg = Release|Any CPU
		{2BCB42D0-EEEA-4295-8733-9BF9C77190C3}.Azure|x86.Build.0 = Release|Any CPU
		{2BCB42D0-EEEA-4295-8733-9BF9C77190C3}.Cloud|Any CPU.ActiveCfg = Release|Any CPU
		{2BCB42D0-EEEA-4295-8733-9BF9C77190C3}.Cloud|Any CPU.Build.0 = Release|Any CPU
		{2BCB42D0-EEEA-4295-8733-9BF9C77190C3}.Cloud|x86.ActiveCfg = Release|Any CPU
		{2BCB42D0-EEEA-4295-8733-9BF9C77190C3}.Cloud|x86.Build.0 = Release|Any CPU
		{2BCB42D0-EEEA-4295-8733-9BF9C77190C3}.Debug|Any CPU.ActiveCfg = Debug|Any CPU
		{2BCB42D0-EEEA-4295-8733-9BF9C77190C3}.Debug|Any CPU.Build.0 = Debug|Any CPU
		{2BCB42D0-EEEA-4295-8733-9BF9C77190C3}.Debug|x86.ActiveCfg = Debug|Any CPU
		{2BCB42D0-EEEA-4295-8733-9BF9C77190C3}.Debug|x86.Build.0 = Debug|Any CPU
		{2BCB42D0-EEEA-4295-8733-9BF9C77190C3}.Release|Any CPU.ActiveCfg = Release|Any CPU
		{2BCB42D0-EEEA-4295-8733-9BF9C77190C3}.Release|Any CPU.Build.0 = Release|Any CPU
		{2BCB42D0-EEEA-4295-8733-9BF9C77190C3}.Release|x86.ActiveCfg = Release|Any CPU
		{2BCB42D0-EEEA-4295-8733-9BF9C77190C3}.Release|x86.Build.0 = Release|Any CPU
		{2BCB42D0-EEEA-4295-8733-9BF9C77190C3}.Staging|Any CPU.ActiveCfg = Release|Any CPU
		{2BCB42D0-EEEA-4295-8733-9BF9C77190C3}.Staging|Any CPU.Build.0 = Release|Any CPU
		{2BCB42D0-EEEA-4295-8733-9BF9C77190C3}.Staging|x86.ActiveCfg = Release|Any CPU
		{2BCB42D0-EEEA-4295-8733-9BF9C77190C3}.Staging|x86.Build.0 = Release|Any CPU
		{DD9E37AF-9AF3-4CBB-BA7F-B66158C61222}.Azure|Any CPU.ActiveCfg = Azure|Any CPU
		{DD9E37AF-9AF3-4CBB-BA7F-B66158C61222}.Azure|Any CPU.Build.0 = Azure|Any CPU
		{DD9E37AF-9AF3-4CBB-BA7F-B66158C61222}.Azure|x86.ActiveCfg = Release|Any CPU
		{DD9E37AF-9AF3-4CBB-BA7F-B66158C61222}.Azure|x86.Build.0 = Release|Any CPU
		{DD9E37AF-9AF3-4CBB-BA7F-B66158C61222}.Cloud|Any CPU.ActiveCfg = Release|Any CPU
		{DD9E37AF-9AF3-4CBB-BA7F-B66158C61222}.Cloud|Any CPU.Build.0 = Release|Any CPU
		{DD9E37AF-9AF3-4CBB-BA7F-B66158C61222}.Cloud|x86.ActiveCfg = Release|Any CPU
		{DD9E37AF-9AF3-4CBB-BA7F-B66158C61222}.Cloud|x86.Build.0 = Release|Any CPU
		{DD9E37AF-9AF3-4CBB-BA7F-B66158C61222}.Debug|Any CPU.ActiveCfg = Debug|Any CPU
		{DD9E37AF-9AF3-4CBB-BA7F-B66158C61222}.Debug|Any CPU.Build.0 = Debug|Any CPU
		{DD9E37AF-9AF3-4CBB-BA7F-B66158C61222}.Debug|x86.ActiveCfg = Debug|Any CPU
		{DD9E37AF-9AF3-4CBB-BA7F-B66158C61222}.Debug|x86.Build.0 = Debug|Any CPU
		{DD9E37AF-9AF3-4CBB-BA7F-B66158C61222}.Release|Any CPU.ActiveCfg = Release|Any CPU
		{DD9E37AF-9AF3-4CBB-BA7F-B66158C61222}.Release|Any CPU.Build.0 = Release|Any CPU
		{DD9E37AF-9AF3-4CBB-BA7F-B66158C61222}.Release|x86.ActiveCfg = Release|Any CPU
		{DD9E37AF-9AF3-4CBB-BA7F-B66158C61222}.Release|x86.Build.0 = Release|Any CPU
		{DD9E37AF-9AF3-4CBB-BA7F-B66158C61222}.Staging|Any CPU.ActiveCfg = Release|Any CPU
		{DD9E37AF-9AF3-4CBB-BA7F-B66158C61222}.Staging|Any CPU.Build.0 = Release|Any CPU
		{DD9E37AF-9AF3-4CBB-BA7F-B66158C61222}.Staging|x86.ActiveCfg = Release|Any CPU
		{DD9E37AF-9AF3-4CBB-BA7F-B66158C61222}.Staging|x86.Build.0 = Release|Any CPU
		{2FDEA826-779C-4A24-A94B-698F51C68DA9}.Azure|Any CPU.ActiveCfg = Release|Any CPU
		{2FDEA826-779C-4A24-A94B-698F51C68DA9}.Azure|Any CPU.Build.0 = Release|Any CPU
		{2FDEA826-779C-4A24-A94B-698F51C68DA9}.Azure|x86.ActiveCfg = Release|Any CPU
		{2FDEA826-779C-4A24-A94B-698F51C68DA9}.Azure|x86.Build.0 = Release|Any CPU
		{2FDEA826-779C-4A24-A94B-698F51C68DA9}.Cloud|Any CPU.ActiveCfg = Release|Any CPU
		{2FDEA826-779C-4A24-A94B-698F51C68DA9}.Cloud|Any CPU.Build.0 = Release|Any CPU
		{2FDEA826-779C-4A24-A94B-698F51C68DA9}.Cloud|x86.ActiveCfg = Release|Any CPU
		{2FDEA826-779C-4A24-A94B-698F51C68DA9}.Cloud|x86.Build.0 = Release|Any CPU
		{2FDEA826-779C-4A24-A94B-698F51C68DA9}.Debug|Any CPU.ActiveCfg = Debug|Any CPU
		{2FDEA826-779C-4A24-A94B-698F51C68DA9}.Debug|Any CPU.Build.0 = Debug|Any CPU
		{2FDEA826-779C-4A24-A94B-698F51C68DA9}.Debug|x86.ActiveCfg = Debug|Any CPU
		{2FDEA826-779C-4A24-A94B-698F51C68DA9}.Debug|x86.Build.0 = Debug|Any CPU
		{2FDEA826-779C-4A24-A94B-698F51C68DA9}.Release|Any CPU.ActiveCfg = Release|Any CPU
		{2FDEA826-779C-4A24-A94B-698F51C68DA9}.Release|Any CPU.Build.0 = Release|Any CPU
		{2FDEA826-779C-4A24-A94B-698F51C68DA9}.Release|x86.ActiveCfg = Release|Any CPU
		{2FDEA826-779C-4A24-A94B-698F51C68DA9}.Release|x86.Build.0 = Release|Any CPU
		{2FDEA826-779C-4A24-A94B-698F51C68DA9}.Staging|Any CPU.ActiveCfg = Release|Any CPU
		{2FDEA826-779C-4A24-A94B-698F51C68DA9}.Staging|Any CPU.Build.0 = Release|Any CPU
		{2FDEA826-779C-4A24-A94B-698F51C68DA9}.Staging|x86.ActiveCfg = Release|Any CPU
		{2FDEA826-779C-4A24-A94B-698F51C68DA9}.Staging|x86.Build.0 = Release|Any CPU
		{7EEF606F-04E4-4744-AD16-F68C796C5F41}.Azure|Any CPU.ActiveCfg = Release|Any CPU
		{7EEF606F-04E4-4744-AD16-F68C796C5F41}.Azure|Any CPU.Build.0 = Release|Any CPU
		{7EEF606F-04E4-4744-AD16-F68C796C5F41}.Azure|x86.ActiveCfg = Release|Any CPU
		{7EEF606F-04E4-4744-AD16-F68C796C5F41}.Azure|x86.Build.0 = Release|Any CPU
		{7EEF606F-04E4-4744-AD16-F68C796C5F41}.Cloud|Any CPU.ActiveCfg = Release|Any CPU
		{7EEF606F-04E4-4744-AD16-F68C796C5F41}.Cloud|Any CPU.Build.0 = Release|Any CPU
		{7EEF606F-04E4-4744-AD16-F68C796C5F41}.Cloud|x86.ActiveCfg = Release|Any CPU
		{7EEF606F-04E4-4744-AD16-F68C796C5F41}.Cloud|x86.Build.0 = Release|Any CPU
		{7EEF606F-04E4-4744-AD16-F68C796C5F41}.Debug|Any CPU.ActiveCfg = Debug|Any CPU
		{7EEF606F-04E4-4744-AD16-F68C796C5F41}.Debug|Any CPU.Build.0 = Debug|Any CPU
		{7EEF606F-04E4-4744-AD16-F68C796C5F41}.Debug|x86.ActiveCfg = Debug|Any CPU
		{7EEF606F-04E4-4744-AD16-F68C796C5F41}.Debug|x86.Build.0 = Debug|Any CPU
		{7EEF606F-04E4-4744-AD16-F68C796C5F41}.Release|Any CPU.ActiveCfg = Release|Any CPU
		{7EEF606F-04E4-4744-AD16-F68C796C5F41}.Release|Any CPU.Build.0 = Release|Any CPU
		{7EEF606F-04E4-4744-AD16-F68C796C5F41}.Release|x86.ActiveCfg = Release|Any CPU
		{7EEF606F-04E4-4744-AD16-F68C796C5F41}.Release|x86.Build.0 = Release|Any CPU
		{7EEF606F-04E4-4744-AD16-F68C796C5F41}.Staging|Any CPU.ActiveCfg = Release|Any CPU
		{7EEF606F-04E4-4744-AD16-F68C796C5F41}.Staging|Any CPU.Build.0 = Release|Any CPU
		{7EEF606F-04E4-4744-AD16-F68C796C5F41}.Staging|x86.ActiveCfg = Release|Any CPU
		{7EEF606F-04E4-4744-AD16-F68C796C5F41}.Staging|x86.Build.0 = Release|Any CPU
		{EEE91CFE-5F8D-4157-B0BA-07A763CA31D3}.Azure|Any CPU.ActiveCfg = Release|Any CPU
		{EEE91CFE-5F8D-4157-B0BA-07A763CA31D3}.Azure|Any CPU.Build.0 = Release|Any CPU
		{EEE91CFE-5F8D-4157-B0BA-07A763CA31D3}.Azure|x86.ActiveCfg = Release|Any CPU
		{EEE91CFE-5F8D-4157-B0BA-07A763CA31D3}.Azure|x86.Build.0 = Release|Any CPU
		{EEE91CFE-5F8D-4157-B0BA-07A763CA31D3}.Cloud|Any CPU.ActiveCfg = Release|Any CPU
		{EEE91CFE-5F8D-4157-B0BA-07A763CA31D3}.Cloud|Any CPU.Build.0 = Release|Any CPU
		{EEE91CFE-5F8D-4157-B0BA-07A763CA31D3}.Cloud|x86.ActiveCfg = Release|Any CPU
		{EEE91CFE-5F8D-4157-B0BA-07A763CA31D3}.Cloud|x86.Build.0 = Release|Any CPU
		{EEE91CFE-5F8D-4157-B0BA-07A763CA31D3}.Debug|Any CPU.ActiveCfg = Debug|Any CPU
		{EEE91CFE-5F8D-4157-B0BA-07A763CA31D3}.Debug|Any CPU.Build.0 = Debug|Any CPU
		{EEE91CFE-5F8D-4157-B0BA-07A763CA31D3}.Debug|x86.ActiveCfg = Debug|Any CPU
		{EEE91CFE-5F8D-4157-B0BA-07A763CA31D3}.Debug|x86.Build.0 = Debug|Any CPU
		{EEE91CFE-5F8D-4157-B0BA-07A763CA31D3}.Release|Any CPU.ActiveCfg = Release|Any CPU
		{EEE91CFE-5F8D-4157-B0BA-07A763CA31D3}.Release|Any CPU.Build.0 = Release|Any CPU
		{EEE91CFE-5F8D-4157-B0BA-07A763CA31D3}.Release|x86.ActiveCfg = Release|Any CPU
		{EEE91CFE-5F8D-4157-B0BA-07A763CA31D3}.Release|x86.Build.0 = Release|Any CPU
		{EEE91CFE-5F8D-4157-B0BA-07A763CA31D3}.Staging|Any CPU.ActiveCfg = Release|Any CPU
		{EEE91CFE-5F8D-4157-B0BA-07A763CA31D3}.Staging|Any CPU.Build.0 = Release|Any CPU
		{EEE91CFE-5F8D-4157-B0BA-07A763CA31D3}.Staging|x86.ActiveCfg = Release|Any CPU
		{EEE91CFE-5F8D-4157-B0BA-07A763CA31D3}.Staging|x86.Build.0 = Release|Any CPU
		{F99A5B52-D8EF-4F51-89E5-12E45D6E9894}.Azure|Any CPU.ActiveCfg = Release|Any CPU
		{F99A5B52-D8EF-4F51-89E5-12E45D6E9894}.Azure|Any CPU.Build.0 = Release|Any CPU
		{F99A5B52-D8EF-4F51-89E5-12E45D6E9894}.Azure|x86.ActiveCfg = Release|Any CPU
		{F99A5B52-D8EF-4F51-89E5-12E45D6E9894}.Azure|x86.Build.0 = Release|Any CPU
		{F99A5B52-D8EF-4F51-89E5-12E45D6E9894}.Cloud|Any CPU.ActiveCfg = Release|Any CPU
		{F99A5B52-D8EF-4F51-89E5-12E45D6E9894}.Cloud|Any CPU.Build.0 = Release|Any CPU
		{F99A5B52-D8EF-4F51-89E5-12E45D6E9894}.Cloud|x86.ActiveCfg = Release|Any CPU
		{F99A5B52-D8EF-4F51-89E5-12E45D6E9894}.Cloud|x86.Build.0 = Release|Any CPU
		{F99A5B52-D8EF-4F51-89E5-12E45D6E9894}.Debug|Any CPU.ActiveCfg = Debug|Any CPU
		{F99A5B52-D8EF-4F51-89E5-12E45D6E9894}.Debug|Any CPU.Build.0 = Debug|Any CPU
		{F99A5B52-D8EF-4F51-89E5-12E45D6E9894}.Debug|x86.ActiveCfg = Debug|Any CPU
		{F99A5B52-D8EF-4F51-89E5-12E45D6E9894}.Debug|x86.Build.0 = Debug|Any CPU
		{F99A5B52-D8EF-4F51-89E5-12E45D6E9894}.Release|Any CPU.ActiveCfg = Release|Any CPU
		{F99A5B52-D8EF-4F51-89E5-12E45D6E9894}.Release|Any CPU.Build.0 = Release|Any CPU
		{F99A5B52-D8EF-4F51-89E5-12E45D6E9894}.Release|x86.ActiveCfg = Release|Any CPU
		{F99A5B52-D8EF-4F51-89E5-12E45D6E9894}.Release|x86.Build.0 = Release|Any CPU
		{F99A5B52-D8EF-4F51-89E5-12E45D6E9894}.Staging|Any CPU.ActiveCfg = Release|Any CPU
		{F99A5B52-D8EF-4F51-89E5-12E45D6E9894}.Staging|Any CPU.Build.0 = Release|Any CPU
		{F99A5B52-D8EF-4F51-89E5-12E45D6E9894}.Staging|x86.ActiveCfg = Release|Any CPU
		{F99A5B52-D8EF-4F51-89E5-12E45D6E9894}.Staging|x86.Build.0 = Release|Any CPU
	EndGlobalSection
	GlobalSection(SolutionProperties) = preSolution
		HideSolutionNode = FALSE
	EndGlobalSection
	GlobalSection(NestedProjects) = preSolution
		{8B7997EC-67A2-42AB-9FBD-F8ED2C2997C8} = {D43D1D6B-66A9-4A57-9EA3-8DECC92FA583}
		{21B7C3A0-BD8B-4F05-B5DD-4D2E6B1893FA} = {D43D1D6B-66A9-4A57-9EA3-8DECC92FA583}
		{80FB64B4-62F9-4F06-9549-C519B4360DFC} = {D43D1D6B-66A9-4A57-9EA3-8DECC92FA583}
		{BF6D6F80-3424-4EA1-BAF3-A815856E155C} = {F06D475C-635C-4DE4-82BA-C49A90BA8FCD}
		{05A287DF-BEFD-4482-9545-FB4ECAF72180} = {D2D96CD8-CD7D-414D-8B33-A6C363B40C8D}
		{BE40F1E9-E2DF-4A1A-987E-6A9E18C93384} = {F06D475C-635C-4DE4-82BA-C49A90BA8FCD}
		{43570079-E393-40D9-89AF-F63E7B8437B8} = {DBB9862A-C008-4C3F-A9DB-320429E4A07F}
		{8781B74D-47B2-44EB-83F1-5C000C285A0A} = {53B024F9-E293-42F1-BA67-7F68C3F3C243}
		{E6B57DD7-262B-442B-93D4-44BF157D349B} = {F06D475C-635C-4DE4-82BA-C49A90BA8FCD}
		{D551040A-69BE-4B9B-9F33-000AC41DAD53} = {F06D475C-635C-4DE4-82BA-C49A90BA8FCD}
		{DF186D09-8DFD-41B8-850A-74852B84D2A7} = {F06D475C-635C-4DE4-82BA-C49A90BA8FCD}
		{CAD8C361-DBDB-4506-BEE7-679DF2C2B26A} = {F06D475C-635C-4DE4-82BA-C49A90BA8FCD}
		{E9B3214B-DCE0-48CE-9077-293D46EC1E6B} = {F06D475C-635C-4DE4-82BA-C49A90BA8FCD}
		{691EFEB7-A87E-4478-8BE2-4BCD0CE7A409} = {F06D475C-635C-4DE4-82BA-C49A90BA8FCD}
		{CEA86D8A-B122-42E0-B4BE-596A6195CEE7} = {F06D475C-635C-4DE4-82BA-C49A90BA8FCD}
		{D867D4CA-D348-4485-A7B0-5293DF8F93D5} = {53B024F9-E293-42F1-BA67-7F68C3F3C243}
		{DB5DED75-669D-485C-A093-736E02115892} = {206D5D48-99B0-4913-B1E2-4BA11D021740}
		{2BCB42D0-EEEA-4295-8733-9BF9C77190C3} = {F06D475C-635C-4DE4-82BA-C49A90BA8FCD}
		{DD9E37AF-9AF3-4CBB-BA7F-B66158C61222} = {D43D1D6B-66A9-4A57-9EA3-8DECC92FA583}
		{2FDEA826-779C-4A24-A94B-698F51C68DA9} = {CA1CBFB1-B5B3-4D74-BE2D-DDC2C9474F17}
		{7EEF606F-04E4-4744-AD16-F68C796C5F41} = {F06D475C-635C-4DE4-82BA-C49A90BA8FCD}
		{EEE91CFE-5F8D-4157-B0BA-07A763CA31D3} = {DBB9862A-C008-4C3F-A9DB-320429E4A07F}
		{F99A5B52-D8EF-4F51-89E5-12E45D6E9894} = {F06D475C-635C-4DE4-82BA-C49A90BA8FCD}
	EndGlobalSection
	GlobalSection(ExtensibilityGlobals) = postSolution
		SolutionGuid = {156116FF-243E-45E8-8717-DB72E95F56AF}
		EnterpriseLibraryConfigurationToolBinariesPathV6 = packages\EnterpriseLibrary.Common.6.0.1304.0\lib\NET45
		EnterpriseLibraryConfigurationToolBinariesPath = packages\Unity.2.1.505.2\lib\NET35;packages\Unity.Interception.2.1.505.2\lib\NET35;packages\EnterpriseLibrary.Common.5.0.505.0\lib\NET35;packages\TransientFaultHandling.Core.5.1.1209.1\lib\NET4;packages\EnterpriseLibrary.WindowsAzure.TransientFaultHandling.5.1.1212.0\lib\NET4;packages\EnterpriseLibrary.WindowsAzure.TransientFaultHandling.5.1.1212.0\DesignTime
	EndGlobalSection
	GlobalSection(CodealikeProperties) = postSolution
		SolutionGuid = 73e3ec62-fcea-43a4-b9ac-380e73a81ae7
	EndGlobalSection
EndGlobal
