
Microsoft Visual Studio Solution File, Format Version 12.00
# Visual Studio Version 17
VisualStudioVersion = 17.0.32112.339
MinimumVisualStudioVersion = 10.0.40219.1
Project("{2150E333-8FDC-42A3-9474-1A3956D46DE8}") = "Web", "Web", "{53B024F9-E293-42F1-BA67-7F68C3F3C243}"
EndProject
Project("{2150E333-8FDC-42A3-9474-1A3956D46DE8}") = "Core", "Core", "{D43D1D6B-66A9-4A57-9EA3-8DECC92FA583}"
EndProject
Project("{2150E333-8FDC-42A3-9474-1A3956D46DE8}") = "Common", "Common", "{8853D22A-65B7-4AC8-9953-BB0A245A82CF}"
	ProjectSection(SolutionItems) = preProject
		Common\AssemblyInfo.cs = Common\AssemblyInfo.cs
		Common\Resgrid-PubPriv-KeyFile.snk = Common\Resgrid-PubPriv-KeyFile.snk
		Common\resgrid.com.crt = Common\resgrid.com.crt
		Common\resgrid.local.crt = Common\resgrid.local.crt
		Common\resgrid.local.key = Common\resgrid.local.key
		Common\resgrid.local.pem = Common\resgrid.local.pem
		Common\resgrid.local.pfx = Common\resgrid.local.pfx
	EndProjectSection
EndProject
Project("{2150E333-8FDC-42A3-9474-1A3956D46DE8}") = "Repositories", "Repositories", "{206D5D48-99B0-4913-B1E2-4BA11D021740}"
EndProject
Project("{2150E333-8FDC-42A3-9474-1A3956D46DE8}") = "Providers", "Providers", "{F06D475C-635C-4DE4-82BA-C49A90BA8FCD}"
EndProject
Project("{2150E333-8FDC-42A3-9474-1A3956D46DE8}") = "Tests", "Tests", "{D2D96CD8-CD7D-414D-8B33-A6C363B40C8D}"
EndProject
Project("{2150E333-8FDC-42A3-9474-1A3956D46DE8}") = "Workers", "Workers", "{DBB9862A-C008-4C3F-A9DB-320429E4A07F}"
EndProject
Project("{9A19103F-16F7-4668-BE54-9A1E7A4F7556}") = "Resgrid.Web", "Web\Resgrid.Web\Resgrid.Web.csproj", "{D867D4CA-D348-4485-A7B0-5293DF8F93D5}"
EndProject
Project("{2150E333-8FDC-42A3-9474-1A3956D46DE8}") = "Tools", "Tools", "{CA1CBFB1-B5B3-4D74-BE2D-DDC2C9474F17}"
EndProject
Project("{9A19103F-16F7-4668-BE54-9A1E7A4F7556}") = "Resgrid.Web.Services", "Web\Resgrid.Web.Services\Resgrid.Web.Services.csproj", "{24E2241D-D82C-443D-9613-F900E44C003E}"
EndProject
Project("{9A19103F-16F7-4668-BE54-9A1E7A4F7556}") = "Resgrid.Config", "Core\Resgrid.Config\Resgrid.Config.csproj", "{C8A18F9F-93BC-44F6-AFFD-6187EA0BFF78}"
EndProject
Project("{9A19103F-16F7-4668-BE54-9A1E7A4F7556}") = "Resgrid.Framework", "Core\Resgrid.Framework\Resgrid.Framework.csproj", "{58CE37F7-706E-49E8-B814-926061E248C3}"
EndProject
Project("{9A19103F-16F7-4668-BE54-9A1E7A4F7556}") = "Resgrid.Model", "Core\Resgrid.Model\Resgrid.Model.csproj", "{7EAFA222-4F03-4A64-BA90-73BE80092620}"
EndProject
Project("{9A19103F-16F7-4668-BE54-9A1E7A4F7556}") = "Resgrid.Services", "Core\Resgrid.Services\Resgrid.Services.csproj", "{970C7F13-2384-4ED8-8C33-0414A49970E5}"
EndProject
Project("{9A19103F-16F7-4668-BE54-9A1E7A4F7556}") = "Resgrid.Providers.AddressVerification", "Providers\Resgrid.Providers.AddressVerification\Resgrid.Providers.AddressVerification.csproj", "{94165DE6-7224-4EF0-ADB0-889A5EF77519}"
EndProject
Project("{9A19103F-16F7-4668-BE54-9A1E7A4F7556}") = "Resgrid.Providers.Bus", "Providers\Resgrid.Providers.Bus\Resgrid.Providers.Bus.csproj", "{B3F5D0C1-3697-4691-9999-F4321CD0B6F9}"
EndProject
Project("{9A19103F-16F7-4668-BE54-9A1E7A4F7556}") = "Resgrid.Providers.Bus.Rabbit", "Providers\Resgrid.Providers.Bus.Rabbit\Resgrid.Providers.Bus.Rabbit.csproj", "{506F9CFB-7C67-4036-920D-A85639B02544}"
EndProject
Project("{9A19103F-16F7-4668-BE54-9A1E7A4F7556}") = "Resgrid.Providers.Cache", "Providers\Resgrid.Providers.Cache\Resgrid.Providers.Cache.csproj", "{5565BF04-1056-4B2B-AB1A-E3AD9C433283}"
EndProject
Project("{9A19103F-16F7-4668-BE54-9A1E7A4F7556}") = "Resgrid.Providers.Claims", "Providers\Resgrid.Providers.Claims\Resgrid.Providers.Claims.csproj", "{69FC3B6C-801F-4D98-BE3E-9BC47C42F874}"
EndProject
Project("{9A19103F-16F7-4668-BE54-9A1E7A4F7556}") = "Resgrid.Providers.Firebase", "Providers\Resgrid.Providers.Firebase\Resgrid.Providers.Firebase.csproj", "{90F3A016-478E-49C7-AF5A-79777B89C92A}"
EndProject
Project("{9A19103F-16F7-4668-BE54-9A1E7A4F7556}") = "Resgrid.Providers.Geo", "Providers\Resgrid.Providers.Geo\Resgrid.Providers.Geo.csproj", "{C81FD7A4-B8CD-4D6A-88D7-DABC4D092043}"
EndProject
Project("{9A19103F-16F7-4668-BE54-9A1E7A4F7556}") = "Resgrid.Providers.Email", "Providers\Resgrid.Providers.Email\Resgrid.Providers.Email.csproj", "{6016D92A-C9E2-4501-A526-611D47790B6D}"
EndProject
Project("{9A19103F-16F7-4668-BE54-9A1E7A4F7556}") = "Resgrid.Providers.Marketing", "Providers\Resgrid.Providers.Marketing\Resgrid.Providers.Marketing.csproj", "{34AC4E74-A259-4FBC-8E3C-BCFD85346693}"
EndProject
Project("{9A19103F-16F7-4668-BE54-9A1E7A4F7556}") = "Resgrid.Providers.Number", "Providers\Resgrid.Providers.Number\Resgrid.Providers.Number.csproj", "{2EFE8D6C-64B4-4BAF-8F2E-BECB81290E4F}"
EndProject
Project("{9A19103F-16F7-4668-BE54-9A1E7A4F7556}") = "Resgrid.Providers.Pdf", "Providers\Resgrid.Providers.Pdf\Resgrid.Providers.Pdf.csproj", "{F549CC6D-5A89-4E61-8EAF-F8CBA8868853}"
EndProject
Project("{9A19103F-16F7-4668-BE54-9A1E7A4F7556}") = "Resgrid.Providers.Migrations", "Providers\Resgrid.Providers.Migrations\Resgrid.Providers.Migrations.csproj", "{B67526E5-159B-4F6A-88C7-A05899F114AF}"
EndProject
Project("{9A19103F-16F7-4668-BE54-9A1E7A4F7556}") = "Resgrid.Repositories.DataRepository", "Repositories\Resgrid.Repositories.DataRepository\Resgrid.Repositories.DataRepository.csproj", "{D1BA29D3-3E92-429D-9FB2-D8F062F524B9}"
EndProject
Project("{9A19103F-16F7-4668-BE54-9A1E7A4F7556}") = "Resgrid.Intergration.Tests", "Tests\Resgrid.Intergration.Tests\Resgrid.Intergration.Tests.csproj", "{FE67B0C5-648E-4EAE-968D-1C56F5904558}"
EndProject
Project("{9A19103F-16F7-4668-BE54-9A1E7A4F7556}") = "Resgrid.SmokeTests", "Tests\Resgrid.SmokeTests\Resgrid.SmokeTests.csproj", "{9976F2AF-ED67-485D-BDF0-C191D75578C5}"
EndProject
Project("{9A19103F-16F7-4668-BE54-9A1E7A4F7556}") = "Resgrid.Tests", "Tests\Resgrid.Tests\Resgrid.Tests.csproj", "{0195779B-62DA-4517-BF1F-8F22D11970BE}"
EndProject
Project("{9A19103F-16F7-4668-BE54-9A1E7A4F7556}") = "Resgrid.Console", "Tools\Resgrid.Console\Resgrid.Console.csproj", "{D50E79F8-2E89-49E2-A6A6-7AB34BFF235B}"
EndProject
Project("{9A19103F-16F7-4668-BE54-9A1E7A4F7556}") = "Resgrid.Workers.Framework", "Workers\Resgrid.Workers.Framework\Resgrid.Workers.Framework.csproj", "{C89A962F-75AC-4D0B-9B8A-B481F63810EC}"
EndProject
Project("{9A19103F-16F7-4668-BE54-9A1E7A4F7556}") = "Resgrid.Workers.Console", "Workers\Resgrid.Workers.Console\Resgrid.Workers.Console.csproj", "{477AAB02-9403-44BE-B912-3DA98660F307}"
EndProject
Project("{9A19103F-16F7-4668-BE54-9A1E7A4F7556}") = "Resgrid.Web.Eventing", "Web\Resgrid.Web.Eventing\Resgrid.Web.Eventing.csproj", "{907CA744-0D45-4928-AC26-5724BA6A38EF}"
EndProject
Project("{9A19103F-16F7-4668-BE54-9A1E7A4F7556}") = "Resgrid.Providers.Voip", "Providers\Resgrid.Providers.Voip\Resgrid.Providers.Voip.csproj", "{FFCBA7D4-853A-4D25-935B-F242851752EE}"
EndProject
Project("{9A19103F-16F7-4668-BE54-9A1E7A4F7556}") = "Resgrid.Repositories.NoSqlRepository", "Repositories\Resgrid.Repositories.NoSqlRepository\Resgrid.Repositories.NoSqlRepository.csproj", "{086A3F5A-F7D3-4E38-B9CD-B422DD3A709E}"
EndProject
Project("{9A19103F-16F7-4668-BE54-9A1E7A4F7556}") = "Resgrid.Localization", "Core\Resgrid.Localization\Resgrid.Localization.csproj", "{E39D63BA-5CCA-43EC-A3F9-375FA87EFE2F}"
EndProject
Project("{9A19103F-16F7-4668-BE54-9A1E7A4F7556}") = "Resgrid.Providers.Messaging", "Providers\Resgrid.Providers.Messaging\Resgrid.Providers.Messaging.csproj", "{B4D75669-B70B-4B75-8AB9-0B64D0176E2B}"
EndProject
Project("{9A19103F-16F7-4668-BE54-9A1E7A4F7556}") = "Resgrid.Providers.MigrationsPg", "Providers\Resgrid.Providers.MigrationsPg\Resgrid.Providers.MigrationsPg.csproj", "{1345A104-2F6F-433A-BD8C-B2676C5D8473}"
EndProject
Project("{2150E333-8FDC-42A3-9474-1A3956D46DE8}") = "Support", "Support", "{89331D76-C527-479D-8F30-8033A04C625F}"
EndProject
Project("{9A19103F-16F7-4668-BE54-9A1E7A4F7556}") = "Quidjibo.Postgres", "Workers\Support\Quidjibo.Postgres\Quidjibo.Postgres.csproj", "{744B3BB7-B5F6-4002-93E2-FC0821D41963}"
EndProject
Global
	GlobalSection(SolutionConfigurationPlatforms) = preSolution
		Azure|Any CPU = Azure|Any CPU
		Azure|x86 = Azure|x86
		Cloud|Any CPU = Cloud|Any CPU
		Cloud|x86 = Cloud|x86
		Debug|Any CPU = Debug|Any CPU
		Debug|x86 = Debug|x86
		Docker|Any CPU = Docker|Any CPU
		Docker|x86 = Docker|x86
		Release|Any CPU = Release|Any CPU
		Release|x86 = Release|x86
		Staging|Any CPU = Staging|Any CPU
		Staging|x86 = Staging|x86
	EndGlobalSection
	GlobalSection(ProjectConfigurationPlatforms) = postSolution
		{D867D4CA-D348-4485-A7B0-5293DF8F93D5}.Azure|Any CPU.ActiveCfg = Azure|Any CPU
		{D867D4CA-D348-4485-A7B0-5293DF8F93D5}.Azure|Any CPU.Build.0 = Azure|Any CPU
		{D867D4CA-D348-4485-A7B0-5293DF8F93D5}.Azure|x86.ActiveCfg = Debug|Any CPU
		{D867D4CA-D348-4485-A7B0-5293DF8F93D5}.Azure|x86.Build.0 = Debug|Any CPU
		{D867D4CA-D348-4485-A7B0-5293DF8F93D5}.Cloud|Any CPU.ActiveCfg = Debug|Any CPU
		{D867D4CA-D348-4485-A7B0-5293DF8F93D5}.Cloud|Any CPU.Build.0 = Debug|Any CPU
		{D867D4CA-D348-4485-A7B0-5293DF8F93D5}.Cloud|x86.ActiveCfg = Debug|Any CPU
		{D867D4CA-D348-4485-A7B0-5293DF8F93D5}.Cloud|x86.Build.0 = Debug|Any CPU
		{D867D4CA-D348-4485-A7B0-5293DF8F93D5}.Debug|Any CPU.ActiveCfg = Debug|Any CPU
		{D867D4CA-D348-4485-A7B0-5293DF8F93D5}.Debug|Any CPU.Build.0 = Debug|Any CPU
		{D867D4CA-D348-4485-A7B0-5293DF8F93D5}.Debug|x86.ActiveCfg = Debug|Any CPU
		{D867D4CA-D348-4485-A7B0-5293DF8F93D5}.Debug|x86.Build.0 = Debug|Any CPU
		{D867D4CA-D348-4485-A7B0-5293DF8F93D5}.Docker|Any CPU.ActiveCfg = Docker|Any CPU
		{D867D4CA-D348-4485-A7B0-5293DF8F93D5}.Docker|Any CPU.Build.0 = Docker|Any CPU
		{D867D4CA-D348-4485-A7B0-5293DF8F93D5}.Docker|x86.ActiveCfg = Docker|Any CPU
		{D867D4CA-D348-4485-A7B0-5293DF8F93D5}.Docker|x86.Build.0 = Docker|Any CPU
		{D867D4CA-D348-4485-A7B0-5293DF8F93D5}.Release|Any CPU.ActiveCfg = Release|Any CPU
		{D867D4CA-D348-4485-A7B0-5293DF8F93D5}.Release|Any CPU.Build.0 = Release|Any CPU
		{D867D4CA-D348-4485-A7B0-5293DF8F93D5}.Release|x86.ActiveCfg = Release|Any CPU
		{D867D4CA-D348-4485-A7B0-5293DF8F93D5}.Release|x86.Build.0 = Release|Any CPU
		{D867D4CA-D348-4485-A7B0-5293DF8F93D5}.Staging|Any CPU.ActiveCfg = Debug|Any CPU
		{D867D4CA-D348-4485-A7B0-5293DF8F93D5}.Staging|Any CPU.Build.0 = Debug|Any CPU
		{D867D4CA-D348-4485-A7B0-5293DF8F93D5}.Staging|x86.ActiveCfg = Debug|Any CPU
		{D867D4CA-D348-4485-A7B0-5293DF8F93D5}.Staging|x86.Build.0 = Debug|Any CPU
		{24E2241D-D82C-443D-9613-F900E44C003E}.Azure|Any CPU.ActiveCfg = Debug|Any CPU
		{24E2241D-D82C-443D-9613-F900E44C003E}.Azure|Any CPU.Build.0 = Debug|Any CPU
		{24E2241D-D82C-443D-9613-F900E44C003E}.Azure|x86.ActiveCfg = Debug|Any CPU
		{24E2241D-D82C-443D-9613-F900E44C003E}.Azure|x86.Build.0 = Debug|Any CPU
		{24E2241D-D82C-443D-9613-F900E44C003E}.Cloud|Any CPU.ActiveCfg = Debug|Any CPU
		{24E2241D-D82C-443D-9613-F900E44C003E}.Cloud|Any CPU.Build.0 = Debug|Any CPU
		{24E2241D-D82C-443D-9613-F900E44C003E}.Cloud|x86.ActiveCfg = Debug|Any CPU
		{24E2241D-D82C-443D-9613-F900E44C003E}.Cloud|x86.Build.0 = Debug|Any CPU
		{24E2241D-D82C-443D-9613-F900E44C003E}.Debug|Any CPU.ActiveCfg = Debug|Any CPU
		{24E2241D-D82C-443D-9613-F900E44C003E}.Debug|Any CPU.Build.0 = Debug|Any CPU
		{24E2241D-D82C-443D-9613-F900E44C003E}.Debug|x86.ActiveCfg = Debug|Any CPU
		{24E2241D-D82C-443D-9613-F900E44C003E}.Debug|x86.Build.0 = Debug|Any CPU
		{24E2241D-D82C-443D-9613-F900E44C003E}.Docker|Any CPU.ActiveCfg = Docker|Any CPU
		{24E2241D-D82C-443D-9613-F900E44C003E}.Docker|Any CPU.Build.0 = Docker|Any CPU
		{24E2241D-D82C-443D-9613-F900E44C003E}.Docker|x86.ActiveCfg = Docker|Any CPU
		{24E2241D-D82C-443D-9613-F900E44C003E}.Docker|x86.Build.0 = Docker|Any CPU
		{24E2241D-D82C-443D-9613-F900E44C003E}.Release|Any CPU.ActiveCfg = Release|Any CPU
		{24E2241D-D82C-443D-9613-F900E44C003E}.Release|Any CPU.Build.0 = Release|Any CPU
		{24E2241D-D82C-443D-9613-F900E44C003E}.Release|x86.ActiveCfg = Release|Any CPU
		{24E2241D-D82C-443D-9613-F900E44C003E}.Release|x86.Build.0 = Release|Any CPU
		{24E2241D-D82C-443D-9613-F900E44C003E}.Staging|Any CPU.ActiveCfg = Debug|Any CPU
		{24E2241D-D82C-443D-9613-F900E44C003E}.Staging|Any CPU.Build.0 = Debug|Any CPU
		{24E2241D-D82C-443D-9613-F900E44C003E}.Staging|x86.ActiveCfg = Debug|Any CPU
		{24E2241D-D82C-443D-9613-F900E44C003E}.Staging|x86.Build.0 = Debug|Any CPU
		{C8A18F9F-93BC-44F6-AFFD-6187EA0BFF78}.Azure|Any CPU.ActiveCfg = Debug|Any CPU
		{C8A18F9F-93BC-44F6-AFFD-6187EA0BFF78}.Azure|Any CPU.Build.0 = Debug|Any CPU
		{C8A18F9F-93BC-44F6-AFFD-6187EA0BFF78}.Azure|x86.ActiveCfg = Debug|Any CPU
		{C8A18F9F-93BC-44F6-AFFD-6187EA0BFF78}.Azure|x86.Build.0 = Debug|Any CPU
		{C8A18F9F-93BC-44F6-AFFD-6187EA0BFF78}.Cloud|Any CPU.ActiveCfg = Debug|Any CPU
		{C8A18F9F-93BC-44F6-AFFD-6187EA0BFF78}.Cloud|Any CPU.Build.0 = Debug|Any CPU
		{C8A18F9F-93BC-44F6-AFFD-6187EA0BFF78}.Cloud|x86.ActiveCfg = Debug|Any CPU
		{C8A18F9F-93BC-44F6-AFFD-6187EA0BFF78}.Cloud|x86.Build.0 = Debug|Any CPU
		{C8A18F9F-93BC-44F6-AFFD-6187EA0BFF78}.Debug|Any CPU.ActiveCfg = Debug|Any CPU
		{C8A18F9F-93BC-44F6-AFFD-6187EA0BFF78}.Debug|Any CPU.Build.0 = Debug|Any CPU
		{C8A18F9F-93BC-44F6-AFFD-6187EA0BFF78}.Debug|x86.ActiveCfg = Debug|Any CPU
		{C8A18F9F-93BC-44F6-AFFD-6187EA0BFF78}.Debug|x86.Build.0 = Debug|Any CPU
		{C8A18F9F-93BC-44F6-AFFD-6187EA0BFF78}.Docker|Any CPU.ActiveCfg = Docker|Any CPU
		{C8A18F9F-93BC-44F6-AFFD-6187EA0BFF78}.Docker|Any CPU.Build.0 = Docker|Any CPU
		{C8A18F9F-93BC-44F6-AFFD-6187EA0BFF78}.Docker|x86.ActiveCfg = Docker|Any CPU
		{C8A18F9F-93BC-44F6-AFFD-6187EA0BFF78}.Docker|x86.Build.0 = Docker|Any CPU
		{C8A18F9F-93BC-44F6-AFFD-6187EA0BFF78}.Release|Any CPU.ActiveCfg = Release|Any CPU
		{C8A18F9F-93BC-44F6-AFFD-6187EA0BFF78}.Release|Any CPU.Build.0 = Release|Any CPU
		{C8A18F9F-93BC-44F6-AFFD-6187EA0BFF78}.Release|x86.ActiveCfg = Release|Any CPU
		{C8A18F9F-93BC-44F6-AFFD-6187EA0BFF78}.Release|x86.Build.0 = Release|Any CPU
		{C8A18F9F-93BC-44F6-AFFD-6187EA0BFF78}.Staging|Any CPU.ActiveCfg = Debug|Any CPU
		{C8A18F9F-93BC-44F6-AFFD-6187EA0BFF78}.Staging|Any CPU.Build.0 = Debug|Any CPU
		{C8A18F9F-93BC-44F6-AFFD-6187EA0BFF78}.Staging|x86.ActiveCfg = Debug|Any CPU
		{C8A18F9F-93BC-44F6-AFFD-6187EA0BFF78}.Staging|x86.Build.0 = Debug|Any CPU
		{58CE37F7-706E-49E8-B814-926061E248C3}.Azure|Any CPU.ActiveCfg = Debug|Any CPU
		{58CE37F7-706E-49E8-B814-926061E248C3}.Azure|Any CPU.Build.0 = Debug|Any CPU
		{58CE37F7-706E-49E8-B814-926061E248C3}.Azure|x86.ActiveCfg = Debug|Any CPU
		{58CE37F7-706E-49E8-B814-926061E248C3}.Azure|x86.Build.0 = Debug|Any CPU
		{58CE37F7-706E-49E8-B814-926061E248C3}.Cloud|Any CPU.ActiveCfg = Debug|Any CPU
		{58CE37F7-706E-49E8-B814-926061E248C3}.Cloud|Any CPU.Build.0 = Debug|Any CPU
		{58CE37F7-706E-49E8-B814-926061E248C3}.Cloud|x86.ActiveCfg = Debug|Any CPU
		{58CE37F7-706E-49E8-B814-926061E248C3}.Cloud|x86.Build.0 = Debug|Any CPU
		{58CE37F7-706E-49E8-B814-926061E248C3}.Debug|Any CPU.ActiveCfg = Debug|Any CPU
		{58CE37F7-706E-49E8-B814-926061E248C3}.Debug|Any CPU.Build.0 = Debug|Any CPU
		{58CE37F7-706E-49E8-B814-926061E248C3}.Debug|x86.ActiveCfg = Debug|Any CPU
		{58CE37F7-706E-49E8-B814-926061E248C3}.Debug|x86.Build.0 = Debug|Any CPU
		{58CE37F7-706E-49E8-B814-926061E248C3}.Docker|Any CPU.ActiveCfg = Docker|Any CPU
		{58CE37F7-706E-49E8-B814-926061E248C3}.Docker|Any CPU.Build.0 = Docker|Any CPU
		{58CE37F7-706E-49E8-B814-926061E248C3}.Docker|x86.ActiveCfg = Docker|Any CPU
		{58CE37F7-706E-49E8-B814-926061E248C3}.Docker|x86.Build.0 = Docker|Any CPU
		{58CE37F7-706E-49E8-B814-926061E248C3}.Release|Any CPU.ActiveCfg = Release|Any CPU
		{58CE37F7-706E-49E8-B814-926061E248C3}.Release|Any CPU.Build.0 = Release|Any CPU
		{58CE37F7-706E-49E8-B814-926061E248C3}.Release|x86.ActiveCfg = Release|Any CPU
		{58CE37F7-706E-49E8-B814-926061E248C3}.Release|x86.Build.0 = Release|Any CPU
		{58CE37F7-706E-49E8-B814-926061E248C3}.Staging|Any CPU.ActiveCfg = Debug|Any CPU
		{58CE37F7-706E-49E8-B814-926061E248C3}.Staging|Any CPU.Build.0 = Debug|Any CPU
		{58CE37F7-706E-49E8-B814-926061E248C3}.Staging|x86.ActiveCfg = Debug|Any CPU
		{58CE37F7-706E-49E8-B814-926061E248C3}.Staging|x86.Build.0 = Debug|Any CPU
		{7EAFA222-4F03-4A64-BA90-73BE80092620}.Azure|Any CPU.ActiveCfg = Debug|Any CPU
		{7EAFA222-4F03-4A64-BA90-73BE80092620}.Azure|Any CPU.Build.0 = Debug|Any CPU
		{7EAFA222-4F03-4A64-BA90-73BE80092620}.Azure|x86.ActiveCfg = Debug|Any CPU
		{7EAFA222-4F03-4A64-BA90-73BE80092620}.Azure|x86.Build.0 = Debug|Any CPU
		{7EAFA222-4F03-4A64-BA90-73BE80092620}.Cloud|Any CPU.ActiveCfg = Debug|Any CPU
		{7EAFA222-4F03-4A64-BA90-73BE80092620}.Cloud|Any CPU.Build.0 = Debug|Any CPU
		{7EAFA222-4F03-4A64-BA90-73BE80092620}.Cloud|x86.ActiveCfg = Debug|Any CPU
		{7EAFA222-4F03-4A64-BA90-73BE80092620}.Cloud|x86.Build.0 = Debug|Any CPU
		{7EAFA222-4F03-4A64-BA90-73BE80092620}.Debug|Any CPU.ActiveCfg = Debug|Any CPU
		{7EAFA222-4F03-4A64-BA90-73BE80092620}.Debug|Any CPU.Build.0 = Debug|Any CPU
		{7EAFA222-4F03-4A64-BA90-73BE80092620}.Debug|x86.ActiveCfg = Debug|Any CPU
		{7EAFA222-4F03-4A64-BA90-73BE80092620}.Debug|x86.Build.0 = Debug|Any CPU
		{7EAFA222-4F03-4A64-BA90-73BE80092620}.Docker|Any CPU.ActiveCfg = Docker|Any CPU
		{7EAFA222-4F03-4A64-BA90-73BE80092620}.Docker|Any CPU.Build.0 = Docker|Any CPU
		{7EAFA222-4F03-4A64-BA90-73BE80092620}.Docker|x86.ActiveCfg = Docker|Any CPU
		{7EAFA222-4F03-4A64-BA90-73BE80092620}.Docker|x86.Build.0 = Docker|Any CPU
		{7EAFA222-4F03-4A64-BA90-73BE80092620}.Release|Any CPU.ActiveCfg = Release|Any CPU
		{7EAFA222-4F03-4A64-BA90-73BE80092620}.Release|Any CPU.Build.0 = Release|Any CPU
		{7EAFA222-4F03-4A64-BA90-73BE80092620}.Release|x86.ActiveCfg = Release|Any CPU
		{7EAFA222-4F03-4A64-BA90-73BE80092620}.Release|x86.Build.0 = Release|Any CPU
		{7EAFA222-4F03-4A64-BA90-73BE80092620}.Staging|Any CPU.ActiveCfg = Debug|Any CPU
		{7EAFA222-4F03-4A64-BA90-73BE80092620}.Staging|Any CPU.Build.0 = Debug|Any CPU
		{7EAFA222-4F03-4A64-BA90-73BE80092620}.Staging|x86.ActiveCfg = Debug|Any CPU
		{7EAFA222-4F03-4A64-BA90-73BE80092620}.Staging|x86.Build.0 = Debug|Any CPU
		{970C7F13-2384-4ED8-8C33-0414A49970E5}.Azure|Any CPU.ActiveCfg = Debug|Any CPU
		{970C7F13-2384-4ED8-8C33-0414A49970E5}.Azure|Any CPU.Build.0 = Debug|Any CPU
		{970C7F13-2384-4ED8-8C33-0414A49970E5}.Azure|x86.ActiveCfg = Debug|Any CPU
		{970C7F13-2384-4ED8-8C33-0414A49970E5}.Azure|x86.Build.0 = Debug|Any CPU
		{970C7F13-2384-4ED8-8C33-0414A49970E5}.Cloud|Any CPU.ActiveCfg = Debug|Any CPU
		{970C7F13-2384-4ED8-8C33-0414A49970E5}.Cloud|Any CPU.Build.0 = Debug|Any CPU
		{970C7F13-2384-4ED8-8C33-0414A49970E5}.Cloud|x86.ActiveCfg = Debug|Any CPU
		{970C7F13-2384-4ED8-8C33-0414A49970E5}.Cloud|x86.Build.0 = Debug|Any CPU
		{970C7F13-2384-4ED8-8C33-0414A49970E5}.Debug|Any CPU.ActiveCfg = Debug|Any CPU
		{970C7F13-2384-4ED8-8C33-0414A49970E5}.Debug|Any CPU.Build.0 = Debug|Any CPU
		{970C7F13-2384-4ED8-8C33-0414A49970E5}.Debug|x86.ActiveCfg = Debug|Any CPU
		{970C7F13-2384-4ED8-8C33-0414A49970E5}.Debug|x86.Build.0 = Debug|Any CPU
		{970C7F13-2384-4ED8-8C33-0414A49970E5}.Docker|Any CPU.ActiveCfg = Docker|Any CPU
		{970C7F13-2384-4ED8-8C33-0414A49970E5}.Docker|Any CPU.Build.0 = Docker|Any CPU
		{970C7F13-2384-4ED8-8C33-0414A49970E5}.Docker|x86.ActiveCfg = Docker|Any CPU
		{970C7F13-2384-4ED8-8C33-0414A49970E5}.Docker|x86.Build.0 = Docker|Any CPU
		{970C7F13-2384-4ED8-8C33-0414A49970E5}.Release|Any CPU.ActiveCfg = Release|Any CPU
		{970C7F13-2384-4ED8-8C33-0414A49970E5}.Release|Any CPU.Build.0 = Release|Any CPU
		{970C7F13-2384-4ED8-8C33-0414A49970E5}.Release|x86.ActiveCfg = Release|Any CPU
		{970C7F13-2384-4ED8-8C33-0414A49970E5}.Release|x86.Build.0 = Release|Any CPU
		{970C7F13-2384-4ED8-8C33-0414A49970E5}.Staging|Any CPU.ActiveCfg = Debug|Any CPU
		{970C7F13-2384-4ED8-8C33-0414A49970E5}.Staging|Any CPU.Build.0 = Debug|Any CPU
		{970C7F13-2384-4ED8-8C33-0414A49970E5}.Staging|x86.ActiveCfg = Debug|Any CPU
		{970C7F13-2384-4ED8-8C33-0414A49970E5}.Staging|x86.Build.0 = Debug|Any CPU
		{94165DE6-7224-4EF0-ADB0-889A5EF77519}.Azure|Any CPU.ActiveCfg = Debug|Any CPU
		{94165DE6-7224-4EF0-ADB0-889A5EF77519}.Azure|Any CPU.Build.0 = Debug|Any CPU
		{94165DE6-7224-4EF0-ADB0-889A5EF77519}.Azure|x86.ActiveCfg = Debug|Any CPU
		{94165DE6-7224-4EF0-ADB0-889A5EF77519}.Azure|x86.Build.0 = Debug|Any CPU
		{94165DE6-7224-4EF0-ADB0-889A5EF77519}.Cloud|Any CPU.ActiveCfg = Debug|Any CPU
		{94165DE6-7224-4EF0-ADB0-889A5EF77519}.Cloud|Any CPU.Build.0 = Debug|Any CPU
		{94165DE6-7224-4EF0-ADB0-889A5EF77519}.Cloud|x86.ActiveCfg = Debug|Any CPU
		{94165DE6-7224-4EF0-ADB0-889A5EF77519}.Cloud|x86.Build.0 = Debug|Any CPU
		{94165DE6-7224-4EF0-ADB0-889A5EF77519}.Debug|Any CPU.ActiveCfg = Debug|Any CPU
		{94165DE6-7224-4EF0-ADB0-889A5EF77519}.Debug|Any CPU.Build.0 = Debug|Any CPU
		{94165DE6-7224-4EF0-ADB0-889A5EF77519}.Debug|x86.ActiveCfg = Debug|Any CPU
		{94165DE6-7224-4EF0-ADB0-889A5EF77519}.Debug|x86.Build.0 = Debug|Any CPU
		{94165DE6-7224-4EF0-ADB0-889A5EF77519}.Docker|Any CPU.ActiveCfg = Docker|Any CPU
		{94165DE6-7224-4EF0-ADB0-889A5EF77519}.Docker|Any CPU.Build.0 = Docker|Any CPU
		{94165DE6-7224-4EF0-ADB0-889A5EF77519}.Docker|x86.ActiveCfg = Docker|Any CPU
		{94165DE6-7224-4EF0-ADB0-889A5EF77519}.Docker|x86.Build.0 = Docker|Any CPU
		{94165DE6-7224-4EF0-ADB0-889A5EF77519}.Release|Any CPU.ActiveCfg = Release|Any CPU
		{94165DE6-7224-4EF0-ADB0-889A5EF77519}.Release|Any CPU.Build.0 = Release|Any CPU
		{94165DE6-7224-4EF0-ADB0-889A5EF77519}.Release|x86.ActiveCfg = Release|Any CPU
		{94165DE6-7224-4EF0-ADB0-889A5EF77519}.Release|x86.Build.0 = Release|Any CPU
		{94165DE6-7224-4EF0-ADB0-889A5EF77519}.Staging|Any CPU.ActiveCfg = Debug|Any CPU
		{94165DE6-7224-4EF0-ADB0-889A5EF77519}.Staging|Any CPU.Build.0 = Debug|Any CPU
		{94165DE6-7224-4EF0-ADB0-889A5EF77519}.Staging|x86.ActiveCfg = Debug|Any CPU
		{94165DE6-7224-4EF0-ADB0-889A5EF77519}.Staging|x86.Build.0 = Debug|Any CPU
		{B3F5D0C1-3697-4691-9999-F4321CD0B6F9}.Azure|Any CPU.ActiveCfg = Debug|Any CPU
		{B3F5D0C1-3697-4691-9999-F4321CD0B6F9}.Azure|Any CPU.Build.0 = Debug|Any CPU
		{B3F5D0C1-3697-4691-9999-F4321CD0B6F9}.Azure|x86.ActiveCfg = Debug|Any CPU
		{B3F5D0C1-3697-4691-9999-F4321CD0B6F9}.Azure|x86.Build.0 = Debug|Any CPU
		{B3F5D0C1-3697-4691-9999-F4321CD0B6F9}.Cloud|Any CPU.ActiveCfg = Debug|Any CPU
		{B3F5D0C1-3697-4691-9999-F4321CD0B6F9}.Cloud|Any CPU.Build.0 = Debug|Any CPU
		{B3F5D0C1-3697-4691-9999-F4321CD0B6F9}.Cloud|x86.ActiveCfg = Debug|Any CPU
		{B3F5D0C1-3697-4691-9999-F4321CD0B6F9}.Cloud|x86.Build.0 = Debug|Any CPU
		{B3F5D0C1-3697-4691-9999-F4321CD0B6F9}.Debug|Any CPU.ActiveCfg = Debug|Any CPU
		{B3F5D0C1-3697-4691-9999-F4321CD0B6F9}.Debug|Any CPU.Build.0 = Debug|Any CPU
		{B3F5D0C1-3697-4691-9999-F4321CD0B6F9}.Debug|x86.ActiveCfg = Debug|Any CPU
		{B3F5D0C1-3697-4691-9999-F4321CD0B6F9}.Debug|x86.Build.0 = Debug|Any CPU
		{B3F5D0C1-3697-4691-9999-F4321CD0B6F9}.Docker|Any CPU.ActiveCfg = Docker|Any CPU
		{B3F5D0C1-3697-4691-9999-F4321CD0B6F9}.Docker|Any CPU.Build.0 = Docker|Any CPU
		{B3F5D0C1-3697-4691-9999-F4321CD0B6F9}.Docker|x86.ActiveCfg = Docker|Any CPU
		{B3F5D0C1-3697-4691-9999-F4321CD0B6F9}.Docker|x86.Build.0 = Docker|Any CPU
		{B3F5D0C1-3697-4691-9999-F4321CD0B6F9}.Release|Any CPU.ActiveCfg = Release|Any CPU
		{B3F5D0C1-3697-4691-9999-F4321CD0B6F9}.Release|Any CPU.Build.0 = Release|Any CPU
		{B3F5D0C1-3697-4691-9999-F4321CD0B6F9}.Release|x86.ActiveCfg = Release|Any CPU
		{B3F5D0C1-3697-4691-9999-F4321CD0B6F9}.Release|x86.Build.0 = Release|Any CPU
		{B3F5D0C1-3697-4691-9999-F4321CD0B6F9}.Staging|Any CPU.ActiveCfg = Debug|Any CPU
		{B3F5D0C1-3697-4691-9999-F4321CD0B6F9}.Staging|Any CPU.Build.0 = Debug|Any CPU
		{B3F5D0C1-3697-4691-9999-F4321CD0B6F9}.Staging|x86.ActiveCfg = Debug|Any CPU
		{B3F5D0C1-3697-4691-9999-F4321CD0B6F9}.Staging|x86.Build.0 = Debug|Any CPU
		{506F9CFB-7C67-4036-920D-A85639B02544}.Azure|Any CPU.ActiveCfg = Debug|Any CPU
		{506F9CFB-7C67-4036-920D-A85639B02544}.Azure|Any CPU.Build.0 = Debug|Any CPU
		{506F9CFB-7C67-4036-920D-A85639B02544}.Azure|x86.ActiveCfg = Debug|Any CPU
		{506F9CFB-7C67-4036-920D-A85639B02544}.Azure|x86.Build.0 = Debug|Any CPU
		{506F9CFB-7C67-4036-920D-A85639B02544}.Cloud|Any CPU.ActiveCfg = Debug|Any CPU
		{506F9CFB-7C67-4036-920D-A85639B02544}.Cloud|Any CPU.Build.0 = Debug|Any CPU
		{506F9CFB-7C67-4036-920D-A85639B02544}.Cloud|x86.ActiveCfg = Debug|Any CPU
		{506F9CFB-7C67-4036-920D-A85639B02544}.Cloud|x86.Build.0 = Debug|Any CPU
		{506F9CFB-7C67-4036-920D-A85639B02544}.Debug|Any CPU.ActiveCfg = Debug|Any CPU
		{506F9CFB-7C67-4036-920D-A85639B02544}.Debug|Any CPU.Build.0 = Debug|Any CPU
		{506F9CFB-7C67-4036-920D-A85639B02544}.Debug|x86.ActiveCfg = Debug|Any CPU
		{506F9CFB-7C67-4036-920D-A85639B02544}.Debug|x86.Build.0 = Debug|Any CPU
		{506F9CFB-7C67-4036-920D-A85639B02544}.Docker|Any CPU.ActiveCfg = Docker|Any CPU
		{506F9CFB-7C67-4036-920D-A85639B02544}.Docker|Any CPU.Build.0 = Docker|Any CPU
		{506F9CFB-7C67-4036-920D-A85639B02544}.Docker|x86.ActiveCfg = Docker|Any CPU
		{506F9CFB-7C67-4036-920D-A85639B02544}.Docker|x86.Build.0 = Docker|Any CPU
		{506F9CFB-7C67-4036-920D-A85639B02544}.Release|Any CPU.ActiveCfg = Release|Any CPU
		{506F9CFB-7C67-4036-920D-A85639B02544}.Release|Any CPU.Build.0 = Release|Any CPU
		{506F9CFB-7C67-4036-920D-A85639B02544}.Release|x86.ActiveCfg = Release|Any CPU
		{506F9CFB-7C67-4036-920D-A85639B02544}.Release|x86.Build.0 = Release|Any CPU
		{506F9CFB-7C67-4036-920D-A85639B02544}.Staging|Any CPU.ActiveCfg = Debug|Any CPU
		{506F9CFB-7C67-4036-920D-A85639B02544}.Staging|Any CPU.Build.0 = Debug|Any CPU
		{506F9CFB-7C67-4036-920D-A85639B02544}.Staging|x86.ActiveCfg = Debug|Any CPU
		{506F9CFB-7C67-4036-920D-A85639B02544}.Staging|x86.Build.0 = Debug|Any CPU
		{5565BF04-1056-4B2B-AB1A-E3AD9C433283}.Azure|Any CPU.ActiveCfg = Debug|Any CPU
		{5565BF04-1056-4B2B-AB1A-E3AD9C433283}.Azure|Any CPU.Build.0 = Debug|Any CPU
		{5565BF04-1056-4B2B-AB1A-E3AD9C433283}.Azure|x86.ActiveCfg = Debug|Any CPU
		{5565BF04-1056-4B2B-AB1A-E3AD9C433283}.Azure|x86.Build.0 = Debug|Any CPU
		{5565BF04-1056-4B2B-AB1A-E3AD9C433283}.Cloud|Any CPU.ActiveCfg = Debug|Any CPU
		{5565BF04-1056-4B2B-AB1A-E3AD9C433283}.Cloud|Any CPU.Build.0 = Debug|Any CPU
		{5565BF04-1056-4B2B-AB1A-E3AD9C433283}.Cloud|x86.ActiveCfg = Debug|Any CPU
		{5565BF04-1056-4B2B-AB1A-E3AD9C433283}.Cloud|x86.Build.0 = Debug|Any CPU
		{5565BF04-1056-4B2B-AB1A-E3AD9C433283}.Debug|Any CPU.ActiveCfg = Debug|Any CPU
		{5565BF04-1056-4B2B-AB1A-E3AD9C433283}.Debug|Any CPU.Build.0 = Debug|Any CPU
		{5565BF04-1056-4B2B-AB1A-E3AD9C433283}.Debug|x86.ActiveCfg = Debug|Any CPU
		{5565BF04-1056-4B2B-AB1A-E3AD9C433283}.Debug|x86.Build.0 = Debug|Any CPU
		{5565BF04-1056-4B2B-AB1A-E3AD9C433283}.Docker|Any CPU.ActiveCfg = Docker|Any CPU
		{5565BF04-1056-4B2B-AB1A-E3AD9C433283}.Docker|Any CPU.Build.0 = Docker|Any CPU
		{5565BF04-1056-4B2B-AB1A-E3AD9C433283}.Docker|x86.ActiveCfg = Docker|Any CPU
		{5565BF04-1056-4B2B-AB1A-E3AD9C433283}.Docker|x86.Build.0 = Docker|Any CPU
		{5565BF04-1056-4B2B-AB1A-E3AD9C433283}.Release|Any CPU.ActiveCfg = Release|Any CPU
		{5565BF04-1056-4B2B-AB1A-E3AD9C433283}.Release|Any CPU.Build.0 = Release|Any CPU
		{5565BF04-1056-4B2B-AB1A-E3AD9C433283}.Release|x86.ActiveCfg = Release|Any CPU
		{5565BF04-1056-4B2B-AB1A-E3AD9C433283}.Release|x86.Build.0 = Release|Any CPU
		{5565BF04-1056-4B2B-AB1A-E3AD9C433283}.Staging|Any CPU.ActiveCfg = Debug|Any CPU
		{5565BF04-1056-4B2B-AB1A-E3AD9C433283}.Staging|Any CPU.Build.0 = Debug|Any CPU
		{5565BF04-1056-4B2B-AB1A-E3AD9C433283}.Staging|x86.ActiveCfg = Debug|Any CPU
		{5565BF04-1056-4B2B-AB1A-E3AD9C433283}.Staging|x86.Build.0 = Debug|Any CPU
		{69FC3B6C-801F-4D98-BE3E-9BC47C42F874}.Azure|Any CPU.ActiveCfg = Debug|Any CPU
		{69FC3B6C-801F-4D98-BE3E-9BC47C42F874}.Azure|Any CPU.Build.0 = Debug|Any CPU
		{69FC3B6C-801F-4D98-BE3E-9BC47C42F874}.Azure|x86.ActiveCfg = Debug|Any CPU
		{69FC3B6C-801F-4D98-BE3E-9BC47C42F874}.Azure|x86.Build.0 = Debug|Any CPU
		{69FC3B6C-801F-4D98-BE3E-9BC47C42F874}.Cloud|Any CPU.ActiveCfg = Debug|Any CPU
		{69FC3B6C-801F-4D98-BE3E-9BC47C42F874}.Cloud|Any CPU.Build.0 = Debug|Any CPU
		{69FC3B6C-801F-4D98-BE3E-9BC47C42F874}.Cloud|x86.ActiveCfg = Debug|Any CPU
		{69FC3B6C-801F-4D98-BE3E-9BC47C42F874}.Cloud|x86.Build.0 = Debug|Any CPU
		{69FC3B6C-801F-4D98-BE3E-9BC47C42F874}.Debug|Any CPU.ActiveCfg = Debug|Any CPU
		{69FC3B6C-801F-4D98-BE3E-9BC47C42F874}.Debug|Any CPU.Build.0 = Debug|Any CPU
		{69FC3B6C-801F-4D98-BE3E-9BC47C42F874}.Debug|x86.ActiveCfg = Debug|Any CPU
		{69FC3B6C-801F-4D98-BE3E-9BC47C42F874}.Debug|x86.Build.0 = Debug|Any CPU
		{69FC3B6C-801F-4D98-BE3E-9BC47C42F874}.Docker|Any CPU.ActiveCfg = Docker|Any CPU
		{69FC3B6C-801F-4D98-BE3E-9BC47C42F874}.Docker|Any CPU.Build.0 = Docker|Any CPU
		{69FC3B6C-801F-4D98-BE3E-9BC47C42F874}.Docker|x86.ActiveCfg = Docker|Any CPU
		{69FC3B6C-801F-4D98-BE3E-9BC47C42F874}.Docker|x86.Build.0 = Docker|Any CPU
		{69FC3B6C-801F-4D98-BE3E-9BC47C42F874}.Release|Any CPU.ActiveCfg = Release|Any CPU
		{69FC3B6C-801F-4D98-BE3E-9BC47C42F874}.Release|Any CPU.Build.0 = Release|Any CPU
		{69FC3B6C-801F-4D98-BE3E-9BC47C42F874}.Release|x86.ActiveCfg = Release|Any CPU
		{69FC3B6C-801F-4D98-BE3E-9BC47C42F874}.Release|x86.Build.0 = Release|Any CPU
		{69FC3B6C-801F-4D98-BE3E-9BC47C42F874}.Staging|Any CPU.ActiveCfg = Debug|Any CPU
		{69FC3B6C-801F-4D98-BE3E-9BC47C42F874}.Staging|Any CPU.Build.0 = Debug|Any CPU
		{69FC3B6C-801F-4D98-BE3E-9BC47C42F874}.Staging|x86.ActiveCfg = Debug|Any CPU
		{69FC3B6C-801F-4D98-BE3E-9BC47C42F874}.Staging|x86.Build.0 = Debug|Any CPU
		{90F3A016-478E-49C7-AF5A-79777B89C92A}.Azure|Any CPU.ActiveCfg = Debug|Any CPU
		{90F3A016-478E-49C7-AF5A-79777B89C92A}.Azure|Any CPU.Build.0 = Debug|Any CPU
		{90F3A016-478E-49C7-AF5A-79777B89C92A}.Azure|x86.ActiveCfg = Debug|Any CPU
		{90F3A016-478E-49C7-AF5A-79777B89C92A}.Azure|x86.Build.0 = Debug|Any CPU
		{90F3A016-478E-49C7-AF5A-79777B89C92A}.Cloud|Any CPU.ActiveCfg = Debug|Any CPU
		{90F3A016-478E-49C7-AF5A-79777B89C92A}.Cloud|Any CPU.Build.0 = Debug|Any CPU
		{90F3A016-478E-49C7-AF5A-79777B89C92A}.Cloud|x86.ActiveCfg = Debug|Any CPU
		{90F3A016-478E-49C7-AF5A-79777B89C92A}.Cloud|x86.Build.0 = Debug|Any CPU
		{90F3A016-478E-49C7-AF5A-79777B89C92A}.Debug|Any CPU.ActiveCfg = Debug|Any CPU
		{90F3A016-478E-49C7-AF5A-79777B89C92A}.Debug|Any CPU.Build.0 = Debug|Any CPU
		{90F3A016-478E-49C7-AF5A-79777B89C92A}.Debug|x86.ActiveCfg = Debug|Any CPU
		{90F3A016-478E-49C7-AF5A-79777B89C92A}.Debug|x86.Build.0 = Debug|Any CPU
		{90F3A016-478E-49C7-AF5A-79777B89C92A}.Docker|Any CPU.ActiveCfg = Docker|Any CPU
		{90F3A016-478E-49C7-AF5A-79777B89C92A}.Docker|Any CPU.Build.0 = Docker|Any CPU
		{90F3A016-478E-49C7-AF5A-79777B89C92A}.Docker|x86.ActiveCfg = Docker|Any CPU
		{90F3A016-478E-49C7-AF5A-79777B89C92A}.Docker|x86.Build.0 = Docker|Any CPU
		{90F3A016-478E-49C7-AF5A-79777B89C92A}.Release|Any CPU.ActiveCfg = Release|Any CPU
		{90F3A016-478E-49C7-AF5A-79777B89C92A}.Release|Any CPU.Build.0 = Release|Any CPU
		{90F3A016-478E-49C7-AF5A-79777B89C92A}.Release|x86.ActiveCfg = Release|Any CPU
		{90F3A016-478E-49C7-AF5A-79777B89C92A}.Release|x86.Build.0 = Release|Any CPU
		{90F3A016-478E-49C7-AF5A-79777B89C92A}.Staging|Any CPU.ActiveCfg = Debug|Any CPU
		{90F3A016-478E-49C7-AF5A-79777B89C92A}.Staging|Any CPU.Build.0 = Debug|Any CPU
		{90F3A016-478E-49C7-AF5A-79777B89C92A}.Staging|x86.ActiveCfg = Debug|Any CPU
		{90F3A016-478E-49C7-AF5A-79777B89C92A}.Staging|x86.Build.0 = Debug|Any CPU
		{C81FD7A4-B8CD-4D6A-88D7-DABC4D092043}.Azure|Any CPU.ActiveCfg = Debug|Any CPU
		{C81FD7A4-B8CD-4D6A-88D7-DABC4D092043}.Azure|Any CPU.Build.0 = Debug|Any CPU
		{C81FD7A4-B8CD-4D6A-88D7-DABC4D092043}.Azure|x86.ActiveCfg = Debug|Any CPU
		{C81FD7A4-B8CD-4D6A-88D7-DABC4D092043}.Azure|x86.Build.0 = Debug|Any CPU
		{C81FD7A4-B8CD-4D6A-88D7-DABC4D092043}.Cloud|Any CPU.ActiveCfg = Debug|Any CPU
		{C81FD7A4-B8CD-4D6A-88D7-DABC4D092043}.Cloud|Any CPU.Build.0 = Debug|Any CPU
		{C81FD7A4-B8CD-4D6A-88D7-DABC4D092043}.Cloud|x86.ActiveCfg = Debug|Any CPU
		{C81FD7A4-B8CD-4D6A-88D7-DABC4D092043}.Cloud|x86.Build.0 = Debug|Any CPU
		{C81FD7A4-B8CD-4D6A-88D7-DABC4D092043}.Debug|Any CPU.ActiveCfg = Debug|Any CPU
		{C81FD7A4-B8CD-4D6A-88D7-DABC4D092043}.Debug|Any CPU.Build.0 = Debug|Any CPU
		{C81FD7A4-B8CD-4D6A-88D7-DABC4D092043}.Debug|x86.ActiveCfg = Debug|Any CPU
		{C81FD7A4-B8CD-4D6A-88D7-DABC4D092043}.Debug|x86.Build.0 = Debug|Any CPU
		{C81FD7A4-B8CD-4D6A-88D7-DABC4D092043}.Docker|Any CPU.ActiveCfg = Docker|Any CPU
		{C81FD7A4-B8CD-4D6A-88D7-DABC4D092043}.Docker|Any CPU.Build.0 = Docker|Any CPU
		{C81FD7A4-B8CD-4D6A-88D7-DABC4D092043}.Docker|x86.ActiveCfg = Docker|Any CPU
		{C81FD7A4-B8CD-4D6A-88D7-DABC4D092043}.Docker|x86.Build.0 = Docker|Any CPU
		{C81FD7A4-B8CD-4D6A-88D7-DABC4D092043}.Release|Any CPU.ActiveCfg = Release|Any CPU
		{C81FD7A4-B8CD-4D6A-88D7-DABC4D092043}.Release|Any CPU.Build.0 = Release|Any CPU
		{C81FD7A4-B8CD-4D6A-88D7-DABC4D092043}.Release|x86.ActiveCfg = Release|Any CPU
		{C81FD7A4-B8CD-4D6A-88D7-DABC4D092043}.Release|x86.Build.0 = Release|Any CPU
		{C81FD7A4-B8CD-4D6A-88D7-DABC4D092043}.Staging|Any CPU.ActiveCfg = Debug|Any CPU
		{C81FD7A4-B8CD-4D6A-88D7-DABC4D092043}.Staging|Any CPU.Build.0 = Debug|Any CPU
		{C81FD7A4-B8CD-4D6A-88D7-DABC4D092043}.Staging|x86.ActiveCfg = Debug|Any CPU
		{C81FD7A4-B8CD-4D6A-88D7-DABC4D092043}.Staging|x86.Build.0 = Debug|Any CPU
		{6016D92A-C9E2-4501-A526-611D47790B6D}.Azure|Any CPU.ActiveCfg = Debug|Any CPU
		{6016D92A-C9E2-4501-A526-611D47790B6D}.Azure|Any CPU.Build.0 = Debug|Any CPU
		{6016D92A-C9E2-4501-A526-611D47790B6D}.Azure|x86.ActiveCfg = Debug|Any CPU
		{6016D92A-C9E2-4501-A526-611D47790B6D}.Azure|x86.Build.0 = Debug|Any CPU
		{6016D92A-C9E2-4501-A526-611D47790B6D}.Cloud|Any CPU.ActiveCfg = Debug|Any CPU
		{6016D92A-C9E2-4501-A526-611D47790B6D}.Cloud|Any CPU.Build.0 = Debug|Any CPU
		{6016D92A-C9E2-4501-A526-611D47790B6D}.Cloud|x86.ActiveCfg = Debug|Any CPU
		{6016D92A-C9E2-4501-A526-611D47790B6D}.Cloud|x86.Build.0 = Debug|Any CPU
		{6016D92A-C9E2-4501-A526-611D47790B6D}.Debug|Any CPU.ActiveCfg = Debug|Any CPU
		{6016D92A-C9E2-4501-A526-611D47790B6D}.Debug|Any CPU.Build.0 = Debug|Any CPU
		{6016D92A-C9E2-4501-A526-611D47790B6D}.Debug|x86.ActiveCfg = Debug|Any CPU
		{6016D92A-C9E2-4501-A526-611D47790B6D}.Debug|x86.Build.0 = Debug|Any CPU
		{6016D92A-C9E2-4501-A526-611D47790B6D}.Docker|Any CPU.ActiveCfg = Docker|Any CPU
		{6016D92A-C9E2-4501-A526-611D47790B6D}.Docker|Any CPU.Build.0 = Docker|Any CPU
		{6016D92A-C9E2-4501-A526-611D47790B6D}.Docker|x86.ActiveCfg = Docker|Any CPU
		{6016D92A-C9E2-4501-A526-611D47790B6D}.Docker|x86.Build.0 = Docker|Any CPU
		{6016D92A-C9E2-4501-A526-611D47790B6D}.Release|Any CPU.ActiveCfg = Release|Any CPU
		{6016D92A-C9E2-4501-A526-611D47790B6D}.Release|Any CPU.Build.0 = Release|Any CPU
		{6016D92A-C9E2-4501-A526-611D47790B6D}.Release|x86.ActiveCfg = Release|Any CPU
		{6016D92A-C9E2-4501-A526-611D47790B6D}.Release|x86.Build.0 = Release|Any CPU
		{6016D92A-C9E2-4501-A526-611D47790B6D}.Staging|Any CPU.ActiveCfg = Debug|Any CPU
		{6016D92A-C9E2-4501-A526-611D47790B6D}.Staging|Any CPU.Build.0 = Debug|Any CPU
		{6016D92A-C9E2-4501-A526-611D47790B6D}.Staging|x86.ActiveCfg = Debug|Any CPU
		{6016D92A-C9E2-4501-A526-611D47790B6D}.Staging|x86.Build.0 = Debug|Any CPU
		{34AC4E74-A259-4FBC-8E3C-BCFD85346693}.Azure|Any CPU.ActiveCfg = Debug|Any CPU
		{34AC4E74-A259-4FBC-8E3C-BCFD85346693}.Azure|Any CPU.Build.0 = Debug|Any CPU
		{34AC4E74-A259-4FBC-8E3C-BCFD85346693}.Azure|x86.ActiveCfg = Debug|Any CPU
		{34AC4E74-A259-4FBC-8E3C-BCFD85346693}.Azure|x86.Build.0 = Debug|Any CPU
		{34AC4E74-A259-4FBC-8E3C-BCFD85346693}.Cloud|Any CPU.ActiveCfg = Debug|Any CPU
		{34AC4E74-A259-4FBC-8E3C-BCFD85346693}.Cloud|Any CPU.Build.0 = Debug|Any CPU
		{34AC4E74-A259-4FBC-8E3C-BCFD85346693}.Cloud|x86.ActiveCfg = Debug|Any CPU
		{34AC4E74-A259-4FBC-8E3C-BCFD85346693}.Cloud|x86.Build.0 = Debug|Any CPU
		{34AC4E74-A259-4FBC-8E3C-BCFD85346693}.Debug|Any CPU.ActiveCfg = Debug|Any CPU
		{34AC4E74-A259-4FBC-8E3C-BCFD85346693}.Debug|Any CPU.Build.0 = Debug|Any CPU
		{34AC4E74-A259-4FBC-8E3C-BCFD85346693}.Debug|x86.ActiveCfg = Debug|Any CPU
		{34AC4E74-A259-4FBC-8E3C-BCFD85346693}.Debug|x86.Build.0 = Debug|Any CPU
		{34AC4E74-A259-4FBC-8E3C-BCFD85346693}.Docker|Any CPU.ActiveCfg = Docker|Any CPU
		{34AC4E74-A259-4FBC-8E3C-BCFD85346693}.Docker|Any CPU.Build.0 = Docker|Any CPU
		{34AC4E74-A259-4FBC-8E3C-BCFD85346693}.Docker|x86.ActiveCfg = Docker|Any CPU
		{34AC4E74-A259-4FBC-8E3C-BCFD85346693}.Docker|x86.Build.0 = Docker|Any CPU
		{34AC4E74-A259-4FBC-8E3C-BCFD85346693}.Release|Any CPU.ActiveCfg = Release|Any CPU
		{34AC4E74-A259-4FBC-8E3C-BCFD85346693}.Release|Any CPU.Build.0 = Release|Any CPU
		{34AC4E74-A259-4FBC-8E3C-BCFD85346693}.Release|x86.ActiveCfg = Release|Any CPU
		{34AC4E74-A259-4FBC-8E3C-BCFD85346693}.Release|x86.Build.0 = Release|Any CPU
		{34AC4E74-A259-4FBC-8E3C-BCFD85346693}.Staging|Any CPU.ActiveCfg = Debug|Any CPU
		{34AC4E74-A259-4FBC-8E3C-BCFD85346693}.Staging|Any CPU.Build.0 = Debug|Any CPU
		{34AC4E74-A259-4FBC-8E3C-BCFD85346693}.Staging|x86.ActiveCfg = Debug|Any CPU
		{34AC4E74-A259-4FBC-8E3C-BCFD85346693}.Staging|x86.Build.0 = Debug|Any CPU
		{2EFE8D6C-64B4-4BAF-8F2E-BECB81290E4F}.Azure|Any CPU.ActiveCfg = Debug|Any CPU
		{2EFE8D6C-64B4-4BAF-8F2E-BECB81290E4F}.Azure|Any CPU.Build.0 = Debug|Any CPU
		{2EFE8D6C-64B4-4BAF-8F2E-BECB81290E4F}.Azure|x86.ActiveCfg = Debug|Any CPU
		{2EFE8D6C-64B4-4BAF-8F2E-BECB81290E4F}.Azure|x86.Build.0 = Debug|Any CPU
		{2EFE8D6C-64B4-4BAF-8F2E-BECB81290E4F}.Cloud|Any CPU.ActiveCfg = Debug|Any CPU
		{2EFE8D6C-64B4-4BAF-8F2E-BECB81290E4F}.Cloud|Any CPU.Build.0 = Debug|Any CPU
		{2EFE8D6C-64B4-4BAF-8F2E-BECB81290E4F}.Cloud|x86.ActiveCfg = Debug|Any CPU
		{2EFE8D6C-64B4-4BAF-8F2E-BECB81290E4F}.Cloud|x86.Build.0 = Debug|Any CPU
		{2EFE8D6C-64B4-4BAF-8F2E-BECB81290E4F}.Debug|Any CPU.ActiveCfg = Debug|Any CPU
		{2EFE8D6C-64B4-4BAF-8F2E-BECB81290E4F}.Debug|Any CPU.Build.0 = Debug|Any CPU
		{2EFE8D6C-64B4-4BAF-8F2E-BECB81290E4F}.Debug|x86.ActiveCfg = Debug|Any CPU
		{2EFE8D6C-64B4-4BAF-8F2E-BECB81290E4F}.Debug|x86.Build.0 = Debug|Any CPU
		{2EFE8D6C-64B4-4BAF-8F2E-BECB81290E4F}.Docker|Any CPU.ActiveCfg = Docker|Any CPU
		{2EFE8D6C-64B4-4BAF-8F2E-BECB81290E4F}.Docker|Any CPU.Build.0 = Docker|Any CPU
		{2EFE8D6C-64B4-4BAF-8F2E-BECB81290E4F}.Docker|x86.ActiveCfg = Docker|Any CPU
		{2EFE8D6C-64B4-4BAF-8F2E-BECB81290E4F}.Docker|x86.Build.0 = Docker|Any CPU
		{2EFE8D6C-64B4-4BAF-8F2E-BECB81290E4F}.Release|Any CPU.ActiveCfg = Release|Any CPU
		{2EFE8D6C-64B4-4BAF-8F2E-BECB81290E4F}.Release|Any CPU.Build.0 = Release|Any CPU
		{2EFE8D6C-64B4-4BAF-8F2E-BECB81290E4F}.Release|x86.ActiveCfg = Release|Any CPU
		{2EFE8D6C-64B4-4BAF-8F2E-BECB81290E4F}.Release|x86.Build.0 = Release|Any CPU
		{2EFE8D6C-64B4-4BAF-8F2E-BECB81290E4F}.Staging|Any CPU.ActiveCfg = Debug|Any CPU
		{2EFE8D6C-64B4-4BAF-8F2E-BECB81290E4F}.Staging|Any CPU.Build.0 = Debug|Any CPU
		{2EFE8D6C-64B4-4BAF-8F2E-BECB81290E4F}.Staging|x86.ActiveCfg = Debug|Any CPU
		{2EFE8D6C-64B4-4BAF-8F2E-BECB81290E4F}.Staging|x86.Build.0 = Debug|Any CPU
		{F549CC6D-5A89-4E61-8EAF-F8CBA8868853}.Azure|Any CPU.ActiveCfg = Debug|Any CPU
		{F549CC6D-5A89-4E61-8EAF-F8CBA8868853}.Azure|Any CPU.Build.0 = Debug|Any CPU
		{F549CC6D-5A89-4E61-8EAF-F8CBA8868853}.Azure|x86.ActiveCfg = Debug|Any CPU
		{F549CC6D-5A89-4E61-8EAF-F8CBA8868853}.Azure|x86.Build.0 = Debug|Any CPU
		{F549CC6D-5A89-4E61-8EAF-F8CBA8868853}.Cloud|Any CPU.ActiveCfg = Debug|Any CPU
		{F549CC6D-5A89-4E61-8EAF-F8CBA8868853}.Cloud|Any CPU.Build.0 = Debug|Any CPU
		{F549CC6D-5A89-4E61-8EAF-F8CBA8868853}.Cloud|x86.ActiveCfg = Debug|Any CPU
		{F549CC6D-5A89-4E61-8EAF-F8CBA8868853}.Cloud|x86.Build.0 = Debug|Any CPU
		{F549CC6D-5A89-4E61-8EAF-F8CBA8868853}.Debug|Any CPU.ActiveCfg = Debug|Any CPU
		{F549CC6D-5A89-4E61-8EAF-F8CBA8868853}.Debug|Any CPU.Build.0 = Debug|Any CPU
		{F549CC6D-5A89-4E61-8EAF-F8CBA8868853}.Debug|x86.ActiveCfg = Debug|Any CPU
		{F549CC6D-5A89-4E61-8EAF-F8CBA8868853}.Debug|x86.Build.0 = Debug|Any CPU
		{F549CC6D-5A89-4E61-8EAF-F8CBA8868853}.Docker|Any CPU.ActiveCfg = Docker|Any CPU
		{F549CC6D-5A89-4E61-8EAF-F8CBA8868853}.Docker|Any CPU.Build.0 = Docker|Any CPU
		{F549CC6D-5A89-4E61-8EAF-F8CBA8868853}.Docker|x86.ActiveCfg = Docker|Any CPU
		{F549CC6D-5A89-4E61-8EAF-F8CBA8868853}.Docker|x86.Build.0 = Docker|Any CPU
		{F549CC6D-5A89-4E61-8EAF-F8CBA8868853}.Release|Any CPU.ActiveCfg = Release|Any CPU
		{F549CC6D-5A89-4E61-8EAF-F8CBA8868853}.Release|Any CPU.Build.0 = Release|Any CPU
		{F549CC6D-5A89-4E61-8EAF-F8CBA8868853}.Release|x86.ActiveCfg = Release|Any CPU
		{F549CC6D-5A89-4E61-8EAF-F8CBA8868853}.Release|x86.Build.0 = Release|Any CPU
		{F549CC6D-5A89-4E61-8EAF-F8CBA8868853}.Staging|Any CPU.ActiveCfg = Debug|Any CPU
		{F549CC6D-5A89-4E61-8EAF-F8CBA8868853}.Staging|Any CPU.Build.0 = Debug|Any CPU
		{F549CC6D-5A89-4E61-8EAF-F8CBA8868853}.Staging|x86.ActiveCfg = Debug|Any CPU
		{F549CC6D-5A89-4E61-8EAF-F8CBA8868853}.Staging|x86.Build.0 = Debug|Any CPU
		{B67526E5-159B-4F6A-88C7-A05899F114AF}.Azure|Any CPU.ActiveCfg = Debug|Any CPU
		{B67526E5-159B-4F6A-88C7-A05899F114AF}.Azure|Any CPU.Build.0 = Debug|Any CPU
		{B67526E5-159B-4F6A-88C7-A05899F114AF}.Azure|x86.ActiveCfg = Debug|Any CPU
		{B67526E5-159B-4F6A-88C7-A05899F114AF}.Azure|x86.Build.0 = Debug|Any CPU
		{B67526E5-159B-4F6A-88C7-A05899F114AF}.Cloud|Any CPU.ActiveCfg = Debug|Any CPU
		{B67526E5-159B-4F6A-88C7-A05899F114AF}.Cloud|Any CPU.Build.0 = Debug|Any CPU
		{B67526E5-159B-4F6A-88C7-A05899F114AF}.Cloud|x86.ActiveCfg = Debug|Any CPU
		{B67526E5-159B-4F6A-88C7-A05899F114AF}.Cloud|x86.Build.0 = Debug|Any CPU
		{B67526E5-159B-4F6A-88C7-A05899F114AF}.Debug|Any CPU.ActiveCfg = Debug|Any CPU
		{B67526E5-159B-4F6A-88C7-A05899F114AF}.Debug|Any CPU.Build.0 = Debug|Any CPU
		{B67526E5-159B-4F6A-88C7-A05899F114AF}.Debug|x86.ActiveCfg = Debug|Any CPU
		{B67526E5-159B-4F6A-88C7-A05899F114AF}.Debug|x86.Build.0 = Debug|Any CPU
		{B67526E5-159B-4F6A-88C7-A05899F114AF}.Docker|Any CPU.ActiveCfg = Docker|Any CPU
		{B67526E5-159B-4F6A-88C7-A05899F114AF}.Docker|Any CPU.Build.0 = Docker|Any CPU
		{B67526E5-159B-4F6A-88C7-A05899F114AF}.Docker|x86.ActiveCfg = Docker|Any CPU
		{B67526E5-159B-4F6A-88C7-A05899F114AF}.Docker|x86.Build.0 = Docker|Any CPU
		{B67526E5-159B-4F6A-88C7-A05899F114AF}.Release|Any CPU.ActiveCfg = Release|Any CPU
		{B67526E5-159B-4F6A-88C7-A05899F114AF}.Release|Any CPU.Build.0 = Release|Any CPU
		{B67526E5-159B-4F6A-88C7-A05899F114AF}.Release|x86.ActiveCfg = Release|Any CPU
		{B67526E5-159B-4F6A-88C7-A05899F114AF}.Release|x86.Build.0 = Release|Any CPU
		{B67526E5-159B-4F6A-88C7-A05899F114AF}.Staging|Any CPU.ActiveCfg = Debug|Any CPU
		{B67526E5-159B-4F6A-88C7-A05899F114AF}.Staging|Any CPU.Build.0 = Debug|Any CPU
		{B67526E5-159B-4F6A-88C7-A05899F114AF}.Staging|x86.ActiveCfg = Debug|Any CPU
		{B67526E5-159B-4F6A-88C7-A05899F114AF}.Staging|x86.Build.0 = Debug|Any CPU
		{D1BA29D3-3E92-429D-9FB2-D8F062F524B9}.Azure|Any CPU.ActiveCfg = Debug|Any CPU
		{D1BA29D3-3E92-429D-9FB2-D8F062F524B9}.Azure|Any CPU.Build.0 = Debug|Any CPU
		{D1BA29D3-3E92-429D-9FB2-D8F062F524B9}.Azure|x86.ActiveCfg = Debug|Any CPU
		{D1BA29D3-3E92-429D-9FB2-D8F062F524B9}.Azure|x86.Build.0 = Debug|Any CPU
		{D1BA29D3-3E92-429D-9FB2-D8F062F524B9}.Cloud|Any CPU.ActiveCfg = Debug|Any CPU
		{D1BA29D3-3E92-429D-9FB2-D8F062F524B9}.Cloud|Any CPU.Build.0 = Debug|Any CPU
		{D1BA29D3-3E92-429D-9FB2-D8F062F524B9}.Cloud|x86.ActiveCfg = Debug|Any CPU
		{D1BA29D3-3E92-429D-9FB2-D8F062F524B9}.Cloud|x86.Build.0 = Debug|Any CPU
		{D1BA29D3-3E92-429D-9FB2-D8F062F524B9}.Debug|Any CPU.ActiveCfg = Debug|Any CPU
		{D1BA29D3-3E92-429D-9FB2-D8F062F524B9}.Debug|Any CPU.Build.0 = Debug|Any CPU
		{D1BA29D3-3E92-429D-9FB2-D8F062F524B9}.Debug|x86.ActiveCfg = Debug|Any CPU
		{D1BA29D3-3E92-429D-9FB2-D8F062F524B9}.Debug|x86.Build.0 = Debug|Any CPU
		{D1BA29D3-3E92-429D-9FB2-D8F062F524B9}.Docker|Any CPU.ActiveCfg = Docker|Any CPU
		{D1BA29D3-3E92-429D-9FB2-D8F062F524B9}.Docker|Any CPU.Build.0 = Docker|Any CPU
		{D1BA29D3-3E92-429D-9FB2-D8F062F524B9}.Docker|x86.ActiveCfg = Docker|Any CPU
		{D1BA29D3-3E92-429D-9FB2-D8F062F524B9}.Docker|x86.Build.0 = Docker|Any CPU
		{D1BA29D3-3E92-429D-9FB2-D8F062F524B9}.Release|Any CPU.ActiveCfg = Release|Any CPU
		{D1BA29D3-3E92-429D-9FB2-D8F062F524B9}.Release|Any CPU.Build.0 = Release|Any CPU
		{D1BA29D3-3E92-429D-9FB2-D8F062F524B9}.Release|x86.ActiveCfg = Release|Any CPU
		{D1BA29D3-3E92-429D-9FB2-D8F062F524B9}.Release|x86.Build.0 = Release|Any CPU
		{D1BA29D3-3E92-429D-9FB2-D8F062F524B9}.Staging|Any CPU.ActiveCfg = Debug|Any CPU
		{D1BA29D3-3E92-429D-9FB2-D8F062F524B9}.Staging|Any CPU.Build.0 = Debug|Any CPU
		{D1BA29D3-3E92-429D-9FB2-D8F062F524B9}.Staging|x86.ActiveCfg = Debug|Any CPU
		{D1BA29D3-3E92-429D-9FB2-D8F062F524B9}.Staging|x86.Build.0 = Debug|Any CPU
		{FE67B0C5-648E-4EAE-968D-1C56F5904558}.Azure|Any CPU.ActiveCfg = Debug|Any CPU
		{FE67B0C5-648E-4EAE-968D-1C56F5904558}.Azure|Any CPU.Build.0 = Debug|Any CPU
		{FE67B0C5-648E-4EAE-968D-1C56F5904558}.Azure|x86.ActiveCfg = Debug|Any CPU
		{FE67B0C5-648E-4EAE-968D-1C56F5904558}.Azure|x86.Build.0 = Debug|Any CPU
		{FE67B0C5-648E-4EAE-968D-1C56F5904558}.Cloud|Any CPU.ActiveCfg = Debug|Any CPU
		{FE67B0C5-648E-4EAE-968D-1C56F5904558}.Cloud|Any CPU.Build.0 = Debug|Any CPU
		{FE67B0C5-648E-4EAE-968D-1C56F5904558}.Cloud|x86.ActiveCfg = Debug|Any CPU
		{FE67B0C5-648E-4EAE-968D-1C56F5904558}.Cloud|x86.Build.0 = Debug|Any CPU
		{FE67B0C5-648E-4EAE-968D-1C56F5904558}.Debug|Any CPU.ActiveCfg = Debug|Any CPU
		{FE67B0C5-648E-4EAE-968D-1C56F5904558}.Debug|Any CPU.Build.0 = Debug|Any CPU
		{FE67B0C5-648E-4EAE-968D-1C56F5904558}.Debug|x86.ActiveCfg = Debug|Any CPU
		{FE67B0C5-648E-4EAE-968D-1C56F5904558}.Debug|x86.Build.0 = Debug|Any CPU
		{FE67B0C5-648E-4EAE-968D-1C56F5904558}.Docker|Any CPU.ActiveCfg = Docker|Any CPU
		{FE67B0C5-648E-4EAE-968D-1C56F5904558}.Docker|Any CPU.Build.0 = Docker|Any CPU
		{FE67B0C5-648E-4EAE-968D-1C56F5904558}.Docker|x86.ActiveCfg = Docker|Any CPU
		{FE67B0C5-648E-4EAE-968D-1C56F5904558}.Docker|x86.Build.0 = Docker|Any CPU
		{FE67B0C5-648E-4EAE-968D-1C56F5904558}.Release|Any CPU.ActiveCfg = Release|Any CPU
		{FE67B0C5-648E-4EAE-968D-1C56F5904558}.Release|Any CPU.Build.0 = Release|Any CPU
		{FE67B0C5-648E-4EAE-968D-1C56F5904558}.Release|x86.ActiveCfg = Release|Any CPU
		{FE67B0C5-648E-4EAE-968D-1C56F5904558}.Release|x86.Build.0 = Release|Any CPU
		{FE67B0C5-648E-4EAE-968D-1C56F5904558}.Staging|Any CPU.ActiveCfg = Debug|Any CPU
		{FE67B0C5-648E-4EAE-968D-1C56F5904558}.Staging|Any CPU.Build.0 = Debug|Any CPU
		{FE67B0C5-648E-4EAE-968D-1C56F5904558}.Staging|x86.ActiveCfg = Debug|Any CPU
		{FE67B0C5-648E-4EAE-968D-1C56F5904558}.Staging|x86.Build.0 = Debug|Any CPU
		{9976F2AF-ED67-485D-BDF0-C191D75578C5}.Azure|Any CPU.ActiveCfg = Debug|Any CPU
		{9976F2AF-ED67-485D-BDF0-C191D75578C5}.Azure|Any CPU.Build.0 = Debug|Any CPU
		{9976F2AF-ED67-485D-BDF0-C191D75578C5}.Azure|x86.ActiveCfg = Debug|Any CPU
		{9976F2AF-ED67-485D-BDF0-C191D75578C5}.Azure|x86.Build.0 = Debug|Any CPU
		{9976F2AF-ED67-485D-BDF0-C191D75578C5}.Cloud|Any CPU.ActiveCfg = Debug|Any CPU
		{9976F2AF-ED67-485D-BDF0-C191D75578C5}.Cloud|Any CPU.Build.0 = Debug|Any CPU
		{9976F2AF-ED67-485D-BDF0-C191D75578C5}.Cloud|x86.ActiveCfg = Debug|Any CPU
		{9976F2AF-ED67-485D-BDF0-C191D75578C5}.Cloud|x86.Build.0 = Debug|Any CPU
		{9976F2AF-ED67-485D-BDF0-C191D75578C5}.Debug|Any CPU.ActiveCfg = Debug|Any CPU
		{9976F2AF-ED67-485D-BDF0-C191D75578C5}.Debug|Any CPU.Build.0 = Debug|Any CPU
		{9976F2AF-ED67-485D-BDF0-C191D75578C5}.Debug|x86.ActiveCfg = Debug|Any CPU
		{9976F2AF-ED67-485D-BDF0-C191D75578C5}.Debug|x86.Build.0 = Debug|Any CPU
		{9976F2AF-ED67-485D-BDF0-C191D75578C5}.Docker|Any CPU.ActiveCfg = Docker|Any CPU
		{9976F2AF-ED67-485D-BDF0-C191D75578C5}.Docker|Any CPU.Build.0 = Docker|Any CPU
		{9976F2AF-ED67-485D-BDF0-C191D75578C5}.Docker|x86.ActiveCfg = Docker|Any CPU
		{9976F2AF-ED67-485D-BDF0-C191D75578C5}.Docker|x86.Build.0 = Docker|Any CPU
		{9976F2AF-ED67-485D-BDF0-C191D75578C5}.Release|Any CPU.ActiveCfg = Release|Any CPU
		{9976F2AF-ED67-485D-BDF0-C191D75578C5}.Release|Any CPU.Build.0 = Release|Any CPU
		{9976F2AF-ED67-485D-BDF0-C191D75578C5}.Release|x86.ActiveCfg = Release|Any CPU
		{9976F2AF-ED67-485D-BDF0-C191D75578C5}.Release|x86.Build.0 = Release|Any CPU
		{9976F2AF-ED67-485D-BDF0-C191D75578C5}.Staging|Any CPU.ActiveCfg = Debug|Any CPU
		{9976F2AF-ED67-485D-BDF0-C191D75578C5}.Staging|Any CPU.Build.0 = Debug|Any CPU
		{9976F2AF-ED67-485D-BDF0-C191D75578C5}.Staging|x86.ActiveCfg = Debug|Any CPU
		{9976F2AF-ED67-485D-BDF0-C191D75578C5}.Staging|x86.Build.0 = Debug|Any CPU
		{0195779B-62DA-4517-BF1F-8F22D11970BE}.Azure|Any CPU.ActiveCfg = Debug|Any CPU
		{0195779B-62DA-4517-BF1F-8F22D11970BE}.Azure|Any CPU.Build.0 = Debug|Any CPU
		{0195779B-62DA-4517-BF1F-8F22D11970BE}.Azure|x86.ActiveCfg = Debug|Any CPU
		{0195779B-62DA-4517-BF1F-8F22D11970BE}.Azure|x86.Build.0 = Debug|Any CPU
		{0195779B-62DA-4517-BF1F-8F22D11970BE}.Cloud|Any CPU.ActiveCfg = Debug|Any CPU
		{0195779B-62DA-4517-BF1F-8F22D11970BE}.Cloud|Any CPU.Build.0 = Debug|Any CPU
		{0195779B-62DA-4517-BF1F-8F22D11970BE}.Cloud|x86.ActiveCfg = Debug|Any CPU
		{0195779B-62DA-4517-BF1F-8F22D11970BE}.Cloud|x86.Build.0 = Debug|Any CPU
		{0195779B-62DA-4517-BF1F-8F22D11970BE}.Debug|Any CPU.ActiveCfg = Debug|Any CPU
		{0195779B-62DA-4517-BF1F-8F22D11970BE}.Debug|Any CPU.Build.0 = Debug|Any CPU
		{0195779B-62DA-4517-BF1F-8F22D11970BE}.Debug|x86.ActiveCfg = Debug|Any CPU
		{0195779B-62DA-4517-BF1F-8F22D11970BE}.Debug|x86.Build.0 = Debug|Any CPU
		{0195779B-62DA-4517-BF1F-8F22D11970BE}.Docker|Any CPU.ActiveCfg = Docker|Any CPU
		{0195779B-62DA-4517-BF1F-8F22D11970BE}.Docker|Any CPU.Build.0 = Docker|Any CPU
		{0195779B-62DA-4517-BF1F-8F22D11970BE}.Docker|x86.ActiveCfg = Docker|Any CPU
		{0195779B-62DA-4517-BF1F-8F22D11970BE}.Docker|x86.Build.0 = Docker|Any CPU
		{0195779B-62DA-4517-BF1F-8F22D11970BE}.Release|Any CPU.ActiveCfg = Release|Any CPU
		{0195779B-62DA-4517-BF1F-8F22D11970BE}.Release|Any CPU.Build.0 = Release|Any CPU
		{0195779B-62DA-4517-BF1F-8F22D11970BE}.Release|x86.ActiveCfg = Release|Any CPU
		{0195779B-62DA-4517-BF1F-8F22D11970BE}.Release|x86.Build.0 = Release|Any CPU
		{0195779B-62DA-4517-BF1F-8F22D11970BE}.Staging|Any CPU.ActiveCfg = Debug|Any CPU
		{0195779B-62DA-4517-BF1F-8F22D11970BE}.Staging|Any CPU.Build.0 = Debug|Any CPU
		{0195779B-62DA-4517-BF1F-8F22D11970BE}.Staging|x86.ActiveCfg = Debug|Any CPU
		{0195779B-62DA-4517-BF1F-8F22D11970BE}.Staging|x86.Build.0 = Debug|Any CPU
		{D50E79F8-2E89-49E2-A6A6-7AB34BFF235B}.Azure|Any CPU.ActiveCfg = Debug|Any CPU
		{D50E79F8-2E89-49E2-A6A6-7AB34BFF235B}.Azure|Any CPU.Build.0 = Debug|Any CPU
		{D50E79F8-2E89-49E2-A6A6-7AB34BFF235B}.Azure|x86.ActiveCfg = Debug|Any CPU
		{D50E79F8-2E89-49E2-A6A6-7AB34BFF235B}.Azure|x86.Build.0 = Debug|Any CPU
		{D50E79F8-2E89-49E2-A6A6-7AB34BFF235B}.Cloud|Any CPU.ActiveCfg = Debug|Any CPU
		{D50E79F8-2E89-49E2-A6A6-7AB34BFF235B}.Cloud|Any CPU.Build.0 = Debug|Any CPU
		{D50E79F8-2E89-49E2-A6A6-7AB34BFF235B}.Cloud|x86.ActiveCfg = Debug|Any CPU
		{D50E79F8-2E89-49E2-A6A6-7AB34BFF235B}.Cloud|x86.Build.0 = Debug|Any CPU
		{D50E79F8-2E89-49E2-A6A6-7AB34BFF235B}.Debug|Any CPU.ActiveCfg = Debug|Any CPU
		{D50E79F8-2E89-49E2-A6A6-7AB34BFF235B}.Debug|Any CPU.Build.0 = Debug|Any CPU
		{D50E79F8-2E89-49E2-A6A6-7AB34BFF235B}.Debug|x86.ActiveCfg = Debug|Any CPU
		{D50E79F8-2E89-49E2-A6A6-7AB34BFF235B}.Debug|x86.Build.0 = Debug|Any CPU
		{D50E79F8-2E89-49E2-A6A6-7AB34BFF235B}.Docker|Any CPU.ActiveCfg = Docker|Any CPU
		{D50E79F8-2E89-49E2-A6A6-7AB34BFF235B}.Docker|Any CPU.Build.0 = Docker|Any CPU
		{D50E79F8-2E89-49E2-A6A6-7AB34BFF235B}.Docker|x86.ActiveCfg = Docker|Any CPU
		{D50E79F8-2E89-49E2-A6A6-7AB34BFF235B}.Docker|x86.Build.0 = Docker|Any CPU
		{D50E79F8-2E89-49E2-A6A6-7AB34BFF235B}.Release|Any CPU.ActiveCfg = Release|Any CPU
		{D50E79F8-2E89-49E2-A6A6-7AB34BFF235B}.Release|Any CPU.Build.0 = Release|Any CPU
		{D50E79F8-2E89-49E2-A6A6-7AB34BFF235B}.Release|x86.ActiveCfg = Release|Any CPU
		{D50E79F8-2E89-49E2-A6A6-7AB34BFF235B}.Release|x86.Build.0 = Release|Any CPU
		{D50E79F8-2E89-49E2-A6A6-7AB34BFF235B}.Staging|Any CPU.ActiveCfg = Debug|Any CPU
		{D50E79F8-2E89-49E2-A6A6-7AB34BFF235B}.Staging|Any CPU.Build.0 = Debug|Any CPU
		{D50E79F8-2E89-49E2-A6A6-7AB34BFF235B}.Staging|x86.ActiveCfg = Debug|Any CPU
		{D50E79F8-2E89-49E2-A6A6-7AB34BFF235B}.Staging|x86.Build.0 = Debug|Any CPU
		{C89A962F-75AC-4D0B-9B8A-B481F63810EC}.Azure|Any CPU.ActiveCfg = Debug|Any CPU
		{C89A962F-75AC-4D0B-9B8A-B481F63810EC}.Azure|Any CPU.Build.0 = Debug|Any CPU
		{C89A962F-75AC-4D0B-9B8A-B481F63810EC}.Azure|x86.ActiveCfg = Debug|Any CPU
		{C89A962F-75AC-4D0B-9B8A-B481F63810EC}.Azure|x86.Build.0 = Debug|Any CPU
		{C89A962F-75AC-4D0B-9B8A-B481F63810EC}.Cloud|Any CPU.ActiveCfg = Debug|Any CPU
		{C89A962F-75AC-4D0B-9B8A-B481F63810EC}.Cloud|Any CPU.Build.0 = Debug|Any CPU
		{C89A962F-75AC-4D0B-9B8A-B481F63810EC}.Cloud|x86.ActiveCfg = Debug|Any CPU
		{C89A962F-75AC-4D0B-9B8A-B481F63810EC}.Cloud|x86.Build.0 = Debug|Any CPU
		{C89A962F-75AC-4D0B-9B8A-B481F63810EC}.Debug|Any CPU.ActiveCfg = Debug|Any CPU
		{C89A962F-75AC-4D0B-9B8A-B481F63810EC}.Debug|Any CPU.Build.0 = Debug|Any CPU
		{C89A962F-75AC-4D0B-9B8A-B481F63810EC}.Debug|x86.ActiveCfg = Debug|Any CPU
		{C89A962F-75AC-4D0B-9B8A-B481F63810EC}.Debug|x86.Build.0 = Debug|Any CPU
		{C89A962F-75AC-4D0B-9B8A-B481F63810EC}.Docker|Any CPU.ActiveCfg = Docker|Any CPU
		{C89A962F-75AC-4D0B-9B8A-B481F63810EC}.Docker|Any CPU.Build.0 = Docker|Any CPU
		{C89A962F-75AC-4D0B-9B8A-B481F63810EC}.Docker|x86.ActiveCfg = Docker|Any CPU
		{C89A962F-75AC-4D0B-9B8A-B481F63810EC}.Docker|x86.Build.0 = Docker|Any CPU
		{C89A962F-75AC-4D0B-9B8A-B481F63810EC}.Release|Any CPU.ActiveCfg = Release|Any CPU
		{C89A962F-75AC-4D0B-9B8A-B481F63810EC}.Release|Any CPU.Build.0 = Release|Any CPU
		{C89A962F-75AC-4D0B-9B8A-B481F63810EC}.Release|x86.ActiveCfg = Release|Any CPU
		{C89A962F-75AC-4D0B-9B8A-B481F63810EC}.Release|x86.Build.0 = Release|Any CPU
		{C89A962F-75AC-4D0B-9B8A-B481F63810EC}.Staging|Any CPU.ActiveCfg = Debug|Any CPU
		{C89A962F-75AC-4D0B-9B8A-B481F63810EC}.Staging|Any CPU.Build.0 = Debug|Any CPU
		{C89A962F-75AC-4D0B-9B8A-B481F63810EC}.Staging|x86.ActiveCfg = Debug|Any CPU
		{C89A962F-75AC-4D0B-9B8A-B481F63810EC}.Staging|x86.Build.0 = Debug|Any CPU
		{477AAB02-9403-44BE-B912-3DA98660F307}.Azure|Any CPU.ActiveCfg = Debug|Any CPU
		{477AAB02-9403-44BE-B912-3DA98660F307}.Azure|Any CPU.Build.0 = Debug|Any CPU
		{477AAB02-9403-44BE-B912-3DA98660F307}.Azure|x86.ActiveCfg = Debug|Any CPU
		{477AAB02-9403-44BE-B912-3DA98660F307}.Azure|x86.Build.0 = Debug|Any CPU
		{477AAB02-9403-44BE-B912-3DA98660F307}.Cloud|Any CPU.ActiveCfg = Debug|Any CPU
		{477AAB02-9403-44BE-B912-3DA98660F307}.Cloud|Any CPU.Build.0 = Debug|Any CPU
		{477AAB02-9403-44BE-B912-3DA98660F307}.Cloud|x86.ActiveCfg = Debug|Any CPU
		{477AAB02-9403-44BE-B912-3DA98660F307}.Cloud|x86.Build.0 = Debug|Any CPU
		{477AAB02-9403-44BE-B912-3DA98660F307}.Debug|Any CPU.ActiveCfg = Debug|Any CPU
		{477AAB02-9403-44BE-B912-3DA98660F307}.Debug|Any CPU.Build.0 = Debug|Any CPU
		{477AAB02-9403-44BE-B912-3DA98660F307}.Debug|x86.ActiveCfg = Debug|Any CPU
		{477AAB02-9403-44BE-B912-3DA98660F307}.Debug|x86.Build.0 = Debug|Any CPU
		{477AAB02-9403-44BE-B912-3DA98660F307}.Docker|Any CPU.ActiveCfg = Docker|Any CPU
		{477AAB02-9403-44BE-B912-3DA98660F307}.Docker|Any CPU.Build.0 = Docker|Any CPU
		{477AAB02-9403-44BE-B912-3DA98660F307}.Docker|x86.ActiveCfg = Docker|Any CPU
		{477AAB02-9403-44BE-B912-3DA98660F307}.Docker|x86.Build.0 = Docker|Any CPU
		{477AAB02-9403-44BE-B912-3DA98660F307}.Release|Any CPU.ActiveCfg = Release|Any CPU
		{477AAB02-9403-44BE-B912-3DA98660F307}.Release|Any CPU.Build.0 = Release|Any CPU
		{477AAB02-9403-44BE-B912-3DA98660F307}.Release|x86.ActiveCfg = Release|Any CPU
		{477AAB02-9403-44BE-B912-3DA98660F307}.Release|x86.Build.0 = Release|Any CPU
		{477AAB02-9403-44BE-B912-3DA98660F307}.Staging|Any CPU.ActiveCfg = Debug|Any CPU
		{477AAB02-9403-44BE-B912-3DA98660F307}.Staging|Any CPU.Build.0 = Debug|Any CPU
		{477AAB02-9403-44BE-B912-3DA98660F307}.Staging|x86.ActiveCfg = Debug|Any CPU
		{477AAB02-9403-44BE-B912-3DA98660F307}.Staging|x86.Build.0 = Debug|Any CPU
		{907CA744-0D45-4928-AC26-5724BA6A38EF}.Azure|Any CPU.ActiveCfg = Release|Any CPU
		{907CA744-0D45-4928-AC26-5724BA6A38EF}.Azure|Any CPU.Build.0 = Release|Any CPU
		{907CA744-0D45-4928-AC26-5724BA6A38EF}.Azure|x86.ActiveCfg = Release|Any CPU
		{907CA744-0D45-4928-AC26-5724BA6A38EF}.Azure|x86.Build.0 = Release|Any CPU
		{907CA744-0D45-4928-AC26-5724BA6A38EF}.Cloud|Any CPU.ActiveCfg = Release|Any CPU
		{907CA744-0D45-4928-AC26-5724BA6A38EF}.Cloud|Any CPU.Build.0 = Release|Any CPU
		{907CA744-0D45-4928-AC26-5724BA6A38EF}.Cloud|x86.ActiveCfg = Release|Any CPU
		{907CA744-0D45-4928-AC26-5724BA6A38EF}.Cloud|x86.Build.0 = Release|Any CPU
		{907CA744-0D45-4928-AC26-5724BA6A38EF}.Debug|Any CPU.ActiveCfg = Debug|Any CPU
		{907CA744-0D45-4928-AC26-5724BA6A38EF}.Debug|Any CPU.Build.0 = Debug|Any CPU
		{907CA744-0D45-4928-AC26-5724BA6A38EF}.Debug|x86.ActiveCfg = Debug|Any CPU
		{907CA744-0D45-4928-AC26-5724BA6A38EF}.Debug|x86.Build.0 = Debug|Any CPU
		{907CA744-0D45-4928-AC26-5724BA6A38EF}.Docker|Any CPU.ActiveCfg = Docker|Any CPU
		{907CA744-0D45-4928-AC26-5724BA6A38EF}.Docker|Any CPU.Build.0 = Docker|Any CPU
		{907CA744-0D45-4928-AC26-5724BA6A38EF}.Docker|x86.ActiveCfg = Debug|Any CPU
		{907CA744-0D45-4928-AC26-5724BA6A38EF}.Docker|x86.Build.0 = Debug|Any CPU
		{907CA744-0D45-4928-AC26-5724BA6A38EF}.Release|Any CPU.ActiveCfg = Release|Any CPU
		{907CA744-0D45-4928-AC26-5724BA6A38EF}.Release|Any CPU.Build.0 = Release|Any CPU
		{907CA744-0D45-4928-AC26-5724BA6A38EF}.Release|x86.ActiveCfg = Release|Any CPU
		{907CA744-0D45-4928-AC26-5724BA6A38EF}.Release|x86.Build.0 = Release|Any CPU
		{907CA744-0D45-4928-AC26-5724BA6A38EF}.Staging|Any CPU.ActiveCfg = Release|Any CPU
		{907CA744-0D45-4928-AC26-5724BA6A38EF}.Staging|Any CPU.Build.0 = Release|Any CPU
		{907CA744-0D45-4928-AC26-5724BA6A38EF}.Staging|x86.ActiveCfg = Release|Any CPU
		{907CA744-0D45-4928-AC26-5724BA6A38EF}.Staging|x86.Build.0 = Release|Any CPU
		{FFCBA7D4-853A-4D25-935B-F242851752EE}.Azure|Any CPU.ActiveCfg = Debug|Any CPU
		{FFCBA7D4-853A-4D25-935B-F242851752EE}.Azure|Any CPU.Build.0 = Debug|Any CPU
		{FFCBA7D4-853A-4D25-935B-F242851752EE}.Azure|x86.ActiveCfg = Debug|Any CPU
		{FFCBA7D4-853A-4D25-935B-F242851752EE}.Azure|x86.Build.0 = Debug|Any CPU
		{FFCBA7D4-853A-4D25-935B-F242851752EE}.Cloud|Any CPU.ActiveCfg = Debug|Any CPU
		{FFCBA7D4-853A-4D25-935B-F242851752EE}.Cloud|Any CPU.Build.0 = Debug|Any CPU
		{FFCBA7D4-853A-4D25-935B-F242851752EE}.Cloud|x86.ActiveCfg = Debug|Any CPU
		{FFCBA7D4-853A-4D25-935B-F242851752EE}.Cloud|x86.Build.0 = Debug|Any CPU
		{FFCBA7D4-853A-4D25-935B-F242851752EE}.Debug|Any CPU.ActiveCfg = Debug|Any CPU
		{FFCBA7D4-853A-4D25-935B-F242851752EE}.Debug|Any CPU.Build.0 = Debug|Any CPU
		{FFCBA7D4-853A-4D25-935B-F242851752EE}.Debug|x86.ActiveCfg = Debug|Any CPU
		{FFCBA7D4-853A-4D25-935B-F242851752EE}.Debug|x86.Build.0 = Debug|Any CPU
		{FFCBA7D4-853A-4D25-935B-F242851752EE}.Docker|Any CPU.ActiveCfg = Docker|Any CPU
		{FFCBA7D4-853A-4D25-935B-F242851752EE}.Docker|Any CPU.Build.0 = Docker|Any CPU
		{FFCBA7D4-853A-4D25-935B-F242851752EE}.Docker|x86.ActiveCfg = Debug|Any CPU
		{FFCBA7D4-853A-4D25-935B-F242851752EE}.Docker|x86.Build.0 = Debug|Any CPU
		{FFCBA7D4-853A-4D25-935B-F242851752EE}.Release|Any CPU.ActiveCfg = Release|Any CPU
		{FFCBA7D4-853A-4D25-935B-F242851752EE}.Release|Any CPU.Build.0 = Release|Any CPU
		{FFCBA7D4-853A-4D25-935B-F242851752EE}.Release|x86.ActiveCfg = Release|Any CPU
		{FFCBA7D4-853A-4D25-935B-F242851752EE}.Release|x86.Build.0 = Release|Any CPU
		{FFCBA7D4-853A-4D25-935B-F242851752EE}.Staging|Any CPU.ActiveCfg = Debug|Any CPU
		{FFCBA7D4-853A-4D25-935B-F242851752EE}.Staging|Any CPU.Build.0 = Debug|Any CPU
		{FFCBA7D4-853A-4D25-935B-F242851752EE}.Staging|x86.ActiveCfg = Debug|Any CPU
		{FFCBA7D4-853A-4D25-935B-F242851752EE}.Staging|x86.Build.0 = Debug|Any CPU
		{086A3F5A-F7D3-4E38-B9CD-B422DD3A709E}.Azure|Any CPU.ActiveCfg = Debug|Any CPU
		{086A3F5A-F7D3-4E38-B9CD-B422DD3A709E}.Azure|Any CPU.Build.0 = Debug|Any CPU
		{086A3F5A-F7D3-4E38-B9CD-B422DD3A709E}.Azure|x86.ActiveCfg = Debug|Any CPU
		{086A3F5A-F7D3-4E38-B9CD-B422DD3A709E}.Azure|x86.Build.0 = Debug|Any CPU
		{086A3F5A-F7D3-4E38-B9CD-B422DD3A709E}.Cloud|Any CPU.ActiveCfg = Debug|Any CPU
		{086A3F5A-F7D3-4E38-B9CD-B422DD3A709E}.Cloud|Any CPU.Build.0 = Debug|Any CPU
		{086A3F5A-F7D3-4E38-B9CD-B422DD3A709E}.Cloud|x86.ActiveCfg = Debug|Any CPU
		{086A3F5A-F7D3-4E38-B9CD-B422DD3A709E}.Cloud|x86.Build.0 = Debug|Any CPU
		{086A3F5A-F7D3-4E38-B9CD-B422DD3A709E}.Debug|Any CPU.ActiveCfg = Debug|Any CPU
		{086A3F5A-F7D3-4E38-B9CD-B422DD3A709E}.Debug|Any CPU.Build.0 = Debug|Any CPU
		{086A3F5A-F7D3-4E38-B9CD-B422DD3A709E}.Debug|x86.ActiveCfg = Debug|Any CPU
		{086A3F5A-F7D3-4E38-B9CD-B422DD3A709E}.Debug|x86.Build.0 = Debug|Any CPU
		{086A3F5A-F7D3-4E38-B9CD-B422DD3A709E}.Docker|Any CPU.ActiveCfg = Debug|Any CPU
		{086A3F5A-F7D3-4E38-B9CD-B422DD3A709E}.Docker|Any CPU.Build.0 = Debug|Any CPU
		{086A3F5A-F7D3-4E38-B9CD-B422DD3A709E}.Docker|x86.ActiveCfg = Debug|Any CPU
		{086A3F5A-F7D3-4E38-B9CD-B422DD3A709E}.Docker|x86.Build.0 = Debug|Any CPU
		{086A3F5A-F7D3-4E38-B9CD-B422DD3A709E}.Release|Any CPU.ActiveCfg = Release|Any CPU
		{086A3F5A-F7D3-4E38-B9CD-B422DD3A709E}.Release|Any CPU.Build.0 = Release|Any CPU
		{086A3F5A-F7D3-4E38-B9CD-B422DD3A709E}.Release|x86.ActiveCfg = Release|Any CPU
		{086A3F5A-F7D3-4E38-B9CD-B422DD3A709E}.Release|x86.Build.0 = Release|Any CPU
		{086A3F5A-F7D3-4E38-B9CD-B422DD3A709E}.Staging|Any CPU.ActiveCfg = Debug|Any CPU
		{086A3F5A-F7D3-4E38-B9CD-B422DD3A709E}.Staging|Any CPU.Build.0 = Debug|Any CPU
		{086A3F5A-F7D3-4E38-B9CD-B422DD3A709E}.Staging|x86.ActiveCfg = Debug|Any CPU
		{086A3F5A-F7D3-4E38-B9CD-B422DD3A709E}.Staging|x86.Build.0 = Debug|Any CPU
		{E39D63BA-5CCA-43EC-A3F9-375FA87EFE2F}.Azure|Any CPU.ActiveCfg = Debug|Any CPU
		{E39D63BA-5CCA-43EC-A3F9-375FA87EFE2F}.Azure|Any CPU.Build.0 = Debug|Any CPU
		{E39D63BA-5CCA-43EC-A3F9-375FA87EFE2F}.Azure|x86.ActiveCfg = Debug|Any CPU
		{E39D63BA-5CCA-43EC-A3F9-375FA87EFE2F}.Azure|x86.Build.0 = Debug|Any CPU
		{E39D63BA-5CCA-43EC-A3F9-375FA87EFE2F}.Cloud|Any CPU.ActiveCfg = Debug|Any CPU
		{E39D63BA-5CCA-43EC-A3F9-375FA87EFE2F}.Cloud|Any CPU.Build.0 = Debug|Any CPU
		{E39D63BA-5CCA-43EC-A3F9-375FA87EFE2F}.Cloud|x86.ActiveCfg = Debug|Any CPU
		{E39D63BA-5CCA-43EC-A3F9-375FA87EFE2F}.Cloud|x86.Build.0 = Debug|Any CPU
		{E39D63BA-5CCA-43EC-A3F9-375FA87EFE2F}.Debug|Any CPU.ActiveCfg = Debug|Any CPU
		{E39D63BA-5CCA-43EC-A3F9-375FA87EFE2F}.Debug|Any CPU.Build.0 = Debug|Any CPU
		{E39D63BA-5CCA-43EC-A3F9-375FA87EFE2F}.Debug|x86.ActiveCfg = Debug|Any CPU
		{E39D63BA-5CCA-43EC-A3F9-375FA87EFE2F}.Debug|x86.Build.0 = Debug|Any CPU
		{E39D63BA-5CCA-43EC-A3F9-375FA87EFE2F}.Docker|Any CPU.ActiveCfg = Debug|Any CPU
		{E39D63BA-5CCA-43EC-A3F9-375FA87EFE2F}.Docker|Any CPU.Build.0 = Debug|Any CPU
		{E39D63BA-5CCA-43EC-A3F9-375FA87EFE2F}.Docker|x86.ActiveCfg = Debug|Any CPU
		{E39D63BA-5CCA-43EC-A3F9-375FA87EFE2F}.Docker|x86.Build.0 = Debug|Any CPU
		{E39D63BA-5CCA-43EC-A3F9-375FA87EFE2F}.Release|Any CPU.ActiveCfg = Release|Any CPU
		{E39D63BA-5CCA-43EC-A3F9-375FA87EFE2F}.Release|Any CPU.Build.0 = Release|Any CPU
		{E39D63BA-5CCA-43EC-A3F9-375FA87EFE2F}.Release|x86.ActiveCfg = Release|Any CPU
		{E39D63BA-5CCA-43EC-A3F9-375FA87EFE2F}.Release|x86.Build.0 = Release|Any CPU
		{E39D63BA-5CCA-43EC-A3F9-375FA87EFE2F}.Staging|Any CPU.ActiveCfg = Debug|Any CPU
		{E39D63BA-5CCA-43EC-A3F9-375FA87EFE2F}.Staging|Any CPU.Build.0 = Debug|Any CPU
		{E39D63BA-5CCA-43EC-A3F9-375FA87EFE2F}.Staging|x86.ActiveCfg = Debug|Any CPU
		{E39D63BA-5CCA-43EC-A3F9-375FA87EFE2F}.Staging|x86.Build.0 = Debug|Any CPU
		{B4D75669-B70B-4B75-8AB9-0B64D0176E2B}.Azure|Any CPU.ActiveCfg = Debug|Any CPU
		{B4D75669-B70B-4B75-8AB9-0B64D0176E2B}.Azure|Any CPU.Build.0 = Debug|Any CPU
		{B4D75669-B70B-4B75-8AB9-0B64D0176E2B}.Azure|x86.ActiveCfg = Debug|Any CPU
		{B4D75669-B70B-4B75-8AB9-0B64D0176E2B}.Azure|x86.Build.0 = Debug|Any CPU
		{B4D75669-B70B-4B75-8AB9-0B64D0176E2B}.Cloud|Any CPU.ActiveCfg = Debug|Any CPU
		{B4D75669-B70B-4B75-8AB9-0B64D0176E2B}.Cloud|Any CPU.Build.0 = Debug|Any CPU
		{B4D75669-B70B-4B75-8AB9-0B64D0176E2B}.Cloud|x86.ActiveCfg = Debug|Any CPU
		{B4D75669-B70B-4B75-8AB9-0B64D0176E2B}.Cloud|x86.Build.0 = Debug|Any CPU
		{B4D75669-B70B-4B75-8AB9-0B64D0176E2B}.Debug|Any CPU.ActiveCfg = Debug|Any CPU
		{B4D75669-B70B-4B75-8AB9-0B64D0176E2B}.Debug|Any CPU.Build.0 = Debug|Any CPU
		{B4D75669-B70B-4B75-8AB9-0B64D0176E2B}.Debug|x86.ActiveCfg = Debug|Any CPU
		{B4D75669-B70B-4B75-8AB9-0B64D0176E2B}.Debug|x86.Build.0 = Debug|Any CPU
		{B4D75669-B70B-4B75-8AB9-0B64D0176E2B}.Docker|Any CPU.ActiveCfg = Debug|Any CPU
		{B4D75669-B70B-4B75-8AB9-0B64D0176E2B}.Docker|Any CPU.Build.0 = Debug|Any CPU
		{B4D75669-B70B-4B75-8AB9-0B64D0176E2B}.Docker|x86.ActiveCfg = Debug|Any CPU
		{B4D75669-B70B-4B75-8AB9-0B64D0176E2B}.Docker|x86.Build.0 = Debug|Any CPU
		{B4D75669-B70B-4B75-8AB9-0B64D0176E2B}.Release|Any CPU.ActiveCfg = Release|Any CPU
		{B4D75669-B70B-4B75-8AB9-0B64D0176E2B}.Release|Any CPU.Build.0 = Release|Any CPU
		{B4D75669-B70B-4B75-8AB9-0B64D0176E2B}.Release|x86.ActiveCfg = Release|Any CPU
		{B4D75669-B70B-4B75-8AB9-0B64D0176E2B}.Release|x86.Build.0 = Release|Any CPU
		{B4D75669-B70B-4B75-8AB9-0B64D0176E2B}.Staging|Any CPU.ActiveCfg = Debug|Any CPU
		{B4D75669-B70B-4B75-8AB9-0B64D0176E2B}.Staging|Any CPU.Build.0 = Debug|Any CPU
		{B4D75669-B70B-4B75-8AB9-0B64D0176E2B}.Staging|x86.ActiveCfg = Debug|Any CPU
		{B4D75669-B70B-4B75-8AB9-0B64D0176E2B}.Staging|x86.Build.0 = Debug|Any CPU
		{1345A104-2F6F-433A-BD8C-B2676C5D8473}.Azure|Any CPU.ActiveCfg = Debug|Any CPU
		{1345A104-2F6F-433A-BD8C-B2676C5D8473}.Azure|Any CPU.Build.0 = Debug|Any CPU
		{1345A104-2F6F-433A-BD8C-B2676C5D8473}.Azure|x86.ActiveCfg = Debug|Any CPU
		{1345A104-2F6F-433A-BD8C-B2676C5D8473}.Azure|x86.Build.0 = Debug|Any CPU
		{1345A104-2F6F-433A-BD8C-B2676C5D8473}.Cloud|Any CPU.ActiveCfg = Debug|Any CPU
		{1345A104-2F6F-433A-BD8C-B2676C5D8473}.Cloud|Any CPU.Build.0 = Debug|Any CPU
		{1345A104-2F6F-433A-BD8C-B2676C5D8473}.Cloud|x86.ActiveCfg = Debug|Any CPU
		{1345A104-2F6F-433A-BD8C-B2676C5D8473}.Cloud|x86.Build.0 = Debug|Any CPU
		{1345A104-2F6F-433A-BD8C-B2676C5D8473}.Debug|Any CPU.ActiveCfg = Debug|Any CPU
		{1345A104-2F6F-433A-BD8C-B2676C5D8473}.Debug|Any CPU.Build.0 = Debug|Any CPU
		{1345A104-2F6F-433A-BD8C-B2676C5D8473}.Debug|x86.ActiveCfg = Debug|Any CPU
		{1345A104-2F6F-433A-BD8C-B2676C5D8473}.Debug|x86.Build.0 = Debug|Any CPU
		{1345A104-2F6F-433A-BD8C-B2676C5D8473}.Docker|Any CPU.ActiveCfg = Debug|Any CPU
		{1345A104-2F6F-433A-BD8C-B2676C5D8473}.Docker|Any CPU.Build.0 = Debug|Any CPU
		{1345A104-2F6F-433A-BD8C-B2676C5D8473}.Docker|x86.ActiveCfg = Debug|Any CPU
		{1345A104-2F6F-433A-BD8C-B2676C5D8473}.Docker|x86.Build.0 = Debug|Any CPU
		{1345A104-2F6F-433A-BD8C-B2676C5D8473}.Release|Any CPU.ActiveCfg = Release|Any CPU
		{1345A104-2F6F-433A-BD8C-B2676C5D8473}.Release|Any CPU.Build.0 = Release|Any CPU
		{1345A104-2F6F-433A-BD8C-B2676C5D8473}.Release|x86.ActiveCfg = Release|Any CPU
		{1345A104-2F6F-433A-BD8C-B2676C5D8473}.Release|x86.Build.0 = Release|Any CPU
		{1345A104-2F6F-433A-BD8C-B2676C5D8473}.Staging|Any CPU.ActiveCfg = Debug|Any CPU
		{1345A104-2F6F-433A-BD8C-B2676C5D8473}.Staging|Any CPU.Build.0 = Debug|Any CPU
		{1345A104-2F6F-433A-BD8C-B2676C5D8473}.Staging|x86.ActiveCfg = Debug|Any CPU
		{1345A104-2F6F-433A-BD8C-B2676C5D8473}.Staging|x86.Build.0 = Debug|Any CPU
		{744B3BB7-B5F6-4002-93E2-FC0821D41963}.Azure|Any CPU.ActiveCfg = Debug|Any CPU
		{744B3BB7-B5F6-4002-93E2-FC0821D41963}.Azure|Any CPU.Build.0 = Debug|Any CPU
		{744B3BB7-B5F6-4002-93E2-FC0821D41963}.Azure|x86.ActiveCfg = Debug|Any CPU
		{744B3BB7-B5F6-4002-93E2-FC0821D41963}.Azure|x86.Build.0 = Debug|Any CPU
		{744B3BB7-B5F6-4002-93E2-FC0821D41963}.Cloud|Any CPU.ActiveCfg = Debug|Any CPU
		{744B3BB7-B5F6-4002-93E2-FC0821D41963}.Cloud|Any CPU.Build.0 = Debug|Any CPU
		{744B3BB7-B5F6-4002-93E2-FC0821D41963}.Cloud|x86.ActiveCfg = Debug|Any CPU
		{744B3BB7-B5F6-4002-93E2-FC0821D41963}.Cloud|x86.Build.0 = Debug|Any CPU
		{744B3BB7-B5F6-4002-93E2-FC0821D41963}.Debug|Any CPU.ActiveCfg = Debug|Any CPU
		{744B3BB7-B5F6-4002-93E2-FC0821D41963}.Debug|Any CPU.Build.0 = Debug|Any CPU
		{744B3BB7-B5F6-4002-93E2-FC0821D41963}.Debug|x86.ActiveCfg = Debug|Any CPU
		{744B3BB7-B5F6-4002-93E2-FC0821D41963}.Debug|x86.Build.0 = Debug|Any CPU
		{744B3BB7-B5F6-4002-93E2-FC0821D41963}.Docker|Any CPU.ActiveCfg = Debug|Any CPU
		{744B3BB7-B5F6-4002-93E2-FC0821D41963}.Docker|Any CPU.Build.0 = Debug|Any CPU
		{744B3BB7-B5F6-4002-93E2-FC0821D41963}.Docker|x86.ActiveCfg = Debug|Any CPU
		{744B3BB7-B5F6-4002-93E2-FC0821D41963}.Docker|x86.Build.0 = Debug|Any CPU
		{744B3BB7-B5F6-4002-93E2-FC0821D41963}.Release|Any CPU.ActiveCfg = Release|Any CPU
		{744B3BB7-B5F6-4002-93E2-FC0821D41963}.Release|Any CPU.Build.0 = Release|Any CPU
		{744B3BB7-B5F6-4002-93E2-FC0821D41963}.Release|x86.ActiveCfg = Release|Any CPU
		{744B3BB7-B5F6-4002-93E2-FC0821D41963}.Release|x86.Build.0 = Release|Any CPU
		{744B3BB7-B5F6-4002-93E2-FC0821D41963}.Staging|Any CPU.ActiveCfg = Debug|Any CPU
		{744B3BB7-B5F6-4002-93E2-FC0821D41963}.Staging|Any CPU.Build.0 = Debug|Any CPU
		{744B3BB7-B5F6-4002-93E2-FC0821D41963}.Staging|x86.ActiveCfg = Debug|Any CPU
		{744B3BB7-B5F6-4002-93E2-FC0821D41963}.Staging|x86.Build.0 = Debug|Any CPU
	EndGlobalSection
	GlobalSection(SolutionProperties) = preSolution
		HideSolutionNode = FALSE
	EndGlobalSection
	GlobalSection(NestedProjects) = preSolution
		{D867D4CA-D348-4485-A7B0-5293DF8F93D5} = {53B024F9-E293-42F1-BA67-7F68C3F3C243}
		{24E2241D-D82C-443D-9613-F900E44C003E} = {53B024F9-E293-42F1-BA67-7F68C3F3C243}
		{C8A18F9F-93BC-44F6-AFFD-6187EA0BFF78} = {D43D1D6B-66A9-4A57-9EA3-8DECC92FA583}
		{58CE37F7-706E-49E8-B814-926061E248C3} = {D43D1D6B-66A9-4A57-9EA3-8DECC92FA583}
		{7EAFA222-4F03-4A64-BA90-73BE80092620} = {D43D1D6B-66A9-4A57-9EA3-8DECC92FA583}
		{970C7F13-2384-4ED8-8C33-0414A49970E5} = {D43D1D6B-66A9-4A57-9EA3-8DECC92FA583}
		{94165DE6-7224-4EF0-ADB0-889A5EF77519} = {F06D475C-635C-4DE4-82BA-C49A90BA8FCD}
		{B3F5D0C1-3697-4691-9999-F4321CD0B6F9} = {F06D475C-635C-4DE4-82BA-C49A90BA8FCD}
		{506F9CFB-7C67-4036-920D-A85639B02544} = {F06D475C-635C-4DE4-82BA-C49A90BA8FCD}
		{5565BF04-1056-4B2B-AB1A-E3AD9C433283} = {F06D475C-635C-4DE4-82BA-C49A90BA8FCD}
		{69FC3B6C-801F-4D98-BE3E-9BC47C42F874} = {F06D475C-635C-4DE4-82BA-C49A90BA8FCD}
		{90F3A016-478E-49C7-AF5A-79777B89C92A} = {F06D475C-635C-4DE4-82BA-C49A90BA8FCD}
		{C81FD7A4-B8CD-4D6A-88D7-DABC4D092043} = {F06D475C-635C-4DE4-82BA-C49A90BA8FCD}
		{6016D92A-C9E2-4501-A526-611D47790B6D} = {F06D475C-635C-4DE4-82BA-C49A90BA8FCD}
		{34AC4E74-A259-4FBC-8E3C-BCFD85346693} = {F06D475C-635C-4DE4-82BA-C49A90BA8FCD}
		{2EFE8D6C-64B4-4BAF-8F2E-BECB81290E4F} = {F06D475C-635C-4DE4-82BA-C49A90BA8FCD}
		{F549CC6D-5A89-4E61-8EAF-F8CBA8868853} = {F06D475C-635C-4DE4-82BA-C49A90BA8FCD}
		{B67526E5-159B-4F6A-88C7-A05899F114AF} = {F06D475C-635C-4DE4-82BA-C49A90BA8FCD}
		{D1BA29D3-3E92-429D-9FB2-D8F062F524B9} = {206D5D48-99B0-4913-B1E2-4BA11D021740}
		{FE67B0C5-648E-4EAE-968D-1C56F5904558} = {D2D96CD8-CD7D-414D-8B33-A6C363B40C8D}
		{9976F2AF-ED67-485D-BDF0-C191D75578C5} = {D2D96CD8-CD7D-414D-8B33-A6C363B40C8D}
		{0195779B-62DA-4517-BF1F-8F22D11970BE} = {D2D96CD8-CD7D-414D-8B33-A6C363B40C8D}
		{D50E79F8-2E89-49E2-A6A6-7AB34BFF235B} = {CA1CBFB1-B5B3-4D74-BE2D-DDC2C9474F17}
		{C89A962F-75AC-4D0B-9B8A-B481F63810EC} = {DBB9862A-C008-4C3F-A9DB-320429E4A07F}
		{477AAB02-9403-44BE-B912-3DA98660F307} = {DBB9862A-C008-4C3F-A9DB-320429E4A07F}
		{907CA744-0D45-4928-AC26-5724BA6A38EF} = {53B024F9-E293-42F1-BA67-7F68C3F3C243}
		{FFCBA7D4-853A-4D25-935B-F242851752EE} = {F06D475C-635C-4DE4-82BA-C49A90BA8FCD}
		{086A3F5A-F7D3-4E38-B9CD-B422DD3A709E} = {206D5D48-99B0-4913-B1E2-4BA11D021740}
		{E39D63BA-5CCA-43EC-A3F9-375FA87EFE2F} = {D43D1D6B-66A9-4A57-9EA3-8DECC92FA583}
		{B4D75669-B70B-4B75-8AB9-0B64D0176E2B} = {F06D475C-635C-4DE4-82BA-C49A90BA8FCD}
		{1345A104-2F6F-433A-BD8C-B2676C5D8473} = {F06D475C-635C-4DE4-82BA-C49A90BA8FCD}
		{89331D76-C527-479D-8F30-8033A04C625F} = {DBB9862A-C008-4C3F-A9DB-320429E4A07F}
		{744B3BB7-B5F6-4002-93E2-FC0821D41963} = {89331D76-C527-479D-8F30-8033A04C625F}
	EndGlobalSection
	GlobalSection(ExtensibilityGlobals) = postSolution
		SolutionGuid = {156116FF-243E-45E8-8717-DB72E95F56AF}
		EnterpriseLibraryConfigurationToolBinariesPathV6 = packages\EnterpriseLibrary.Common.6.0.1304.0\lib\NET45
		EnterpriseLibraryConfigurationToolBinariesPath = packages\Unity.2.1.505.2\lib\NET35;packages\Unity.Interception.2.1.505.2\lib\NET35;packages\EnterpriseLibrary.Common.5.0.505.0\lib\NET35;packages\TransientFaultHandling.Core.5.1.1209.1\lib\NET4;packages\EnterpriseLibrary.WindowsAzure.TransientFaultHandling.5.1.1212.0\lib\NET4;packages\EnterpriseLibrary.WindowsAzure.TransientFaultHandling.5.1.1212.0\DesignTime
	EndGlobalSection
	GlobalSection(CodealikeProperties) = postSolution
		SolutionGuid = 73e3ec62-fcea-43a4-b9ac-380e73a81ae7
	EndGlobalSection
EndGlobal
